// !$*UTF8*$!
{
	archiveVersion = 1;
	classes = {
	};
	objectVersion = 50;
	objects = {

/* Begin PBXBuildFile section */
		01BE6D31259C82B9002F0877 /* AppCoordinator.swift in Sources */ = {isa = PBXBuildFile; fileRef = 01BE6D30259C82B9002F0877 /* AppCoordinator.swift */; };
		01BE6D75259C9179002F0877 /* HomeViewModel.swift in Sources */ = {isa = PBXBuildFile; fileRef = 01BE6D74259C9179002F0877 /* HomeViewModel.swift */; };
		01BE6D7A259C9182002F0877 /* HomeViewController.swift in Sources */ = {isa = PBXBuildFile; fileRef = 01BE6D79259C9182002F0877 /* HomeViewController.swift */; };
		01BE6D82259C962E002F0877 /* readme.md in Resources */ = {isa = PBXBuildFile; fileRef = 01BE6D81259C962E002F0877 /* readme.md */; };
		01BE6D8C259CA4EE002F0877 /* Restuarant.swift in Sources */ = {isa = PBXBuildFile; fileRef = 01BE6D8B259CA4EE002F0877 /* Restuarant.swift */; };
		01BE6D94259CA58B002F0877 /* Status.swift in Sources */ = {isa = PBXBuildFile; fileRef = 01BE6D93259CA58B002F0877 /* Status.swift */; };
		01BE6DDA259CAD53002F0877 /* iOS sample.json in Resources */ = {isa = PBXBuildFile; fileRef = 01BE6DD9259CAD53002F0877 /* iOS sample.json */; };
		01BE6DE3259CAE5E002F0877 /* JsonService.swift in Sources */ = {isa = PBXBuildFile; fileRef = 01BE6DE2259CAE5E002F0877 /* JsonService.swift */; };
		01BE6DEB259CB314002F0877 /* RealmService.swift in Sources */ = {isa = PBXBuildFile; fileRef = 01BE6DEA259CB314002F0877 /* RealmService.swift */; };
		01BE6DF0259CBC97002F0877 /* CacheService.swift in Sources */ = {isa = PBXBuildFile; fileRef = 01BE6DEF259CBC97002F0877 /* CacheService.swift */; };
		01BE6DF5259CBE8C002F0877 /* RestuarantMeta.swift in Sources */ = {isa = PBXBuildFile; fileRef = 01BE6DF4259CBE8C002F0877 /* RestuarantMeta.swift */; };
		01BE6DFB259CC6DA002F0877 /* RealmUpdateDelegate.swift in Sources */ = {isa = PBXBuildFile; fileRef = 01BE6DFA259CC6DA002F0877 /* RealmUpdateDelegate.swift */; };
		01BE6E00259D00B3002F0877 /* HomeCollectionViewCell.swift in Sources */ = {isa = PBXBuildFile; fileRef = 01BE6DFF259D00B3002F0877 /* HomeCollectionViewCell.swift */; };
		01BE6E07259D02FD002F0877 /* ImageName.swift in Sources */ = {isa = PBXBuildFile; fileRef = 01BE6E06259D02FD002F0877 /* ImageName.swift */; };
		01BE6E10259D03EF002F0877 /* UIColor+Utils.swift in Sources */ = {isa = PBXBuildFile; fileRef = 01BE6E0F259D03EF002F0877 /* UIColor+Utils.swift */; };
		01BE6E1E259D0583002F0877 /* UIView+Utils.swift in Sources */ = {isa = PBXBuildFile; fileRef = 01BE6E1D259D0583002F0877 /* UIView+Utils.swift */; };
		01BE6E26259D0861002F0877 /* CellBottomView.swift in Sources */ = {isa = PBXBuildFile; fileRef = 01BE6E25259D0861002F0877 /* CellBottomView.swift */; };
		01BE6E2B259D088F002F0877 /* UIStackView+Utils.swift in Sources */ = {isa = PBXBuildFile; fileRef = 01BE6E2A259D088F002F0877 /* UIStackView+Utils.swift */; };
		01BE6E30259D0BEF002F0877 /* NSMutableAttributedString+Utils.swift in Sources */ = {isa = PBXBuildFile; fileRef = 01BE6E2F259D0BEF002F0877 /* NSMutableAttributedString+Utils.swift */; };
		01BE6E35259D0CB1002F0877 /* CostLevel.swift in Sources */ = {isa = PBXBuildFile; fileRef = 01BE6E34259D0CB1002F0877 /* CostLevel.swift */; };
		01BE6E3A259D0F93002F0877 /* CALayer+Utils.swift in Sources */ = {isa = PBXBuildFile; fileRef = 01BE6E39259D0F93002F0877 /* CALayer+Utils.swift */; };
		01BE6E3F259D1288002F0877 /* UIImage+Utils.swift in Sources */ = {isa = PBXBuildFile; fileRef = 01BE6E3E259D1288002F0877 /* UIImage+Utils.swift */; };
		01BE6E44259D14F0002F0877 /* SortView.swift in Sources */ = {isa = PBXBuildFile; fileRef = 01BE6E43259D14F0002F0877 /* SortView.swift */; };
		01BE6E49259D15D7002F0877 /* SortCell.swift in Sources */ = {isa = PBXBuildFile; fileRef = 01BE6E48259D15D7002F0877 /* SortCell.swift */; };
		01BE6E57259D1939002F0877 /* SortViewModel.swift in Sources */ = {isa = PBXBuildFile; fileRef = 01BE6E56259D1939002F0877 /* SortViewModel.swift */; };
		01BE6E5F259D1DE7002F0877 /* String+Utils.swift in Sources */ = {isa = PBXBuildFile; fileRef = 01BE6E5E259D1DE7002F0877 /* String+Utils.swift */; };
		01BE6E64259D1E2A002F0877 /* TestingService.swift in Sources */ = {isa = PBXBuildFile; fileRef = 01BE6E63259D1E2A002F0877 /* TestingService.swift */; };
		01BE6E76259D22B3002F0877 /* UIViewController+Utils.swift in Sources */ = {isa = PBXBuildFile; fileRef = 01BE6E75259D22B3002F0877 /* UIViewController+Utils.swift */; };
		01BE6E87259D3363002F0877 /* ImageTextLabel.swift in Sources */ = {isa = PBXBuildFile; fileRef = 01BE6E86259D3363002F0877 /* ImageTextLabel.swift */; };
		01BE6E92259DB7B7002F0877 /* StatusView.swift in Sources */ = {isa = PBXBuildFile; fileRef = 01BE6E91259DB7B7002F0877 /* StatusView.swift */; };
		01FC3E65259C75D40053E372 /* AppDelegate.swift in Sources */ = {isa = PBXBuildFile; fileRef = 01FC3E64259C75D40053E372 /* AppDelegate.swift */; };
		01FC3E67259C75D40053E372 /* SceneDelegate.swift in Sources */ = {isa = PBXBuildFile; fileRef = 01FC3E66259C75D40053E372 /* SceneDelegate.swift */; };
		01FC3E6E259C75D60053E372 /* Assets.xcassets in Resources */ = {isa = PBXBuildFile; fileRef = 01FC3E6D259C75D60053E372 /* Assets.xcassets */; };
		01FC3E71259C75D60053E372 /* LaunchScreen.storyboard in Resources */ = {isa = PBXBuildFile; fileRef = 01FC3E6F259C75D60053E372 /* LaunchScreen.storyboard */; };
		01FC3E7C259C75D70053E372 /* Eat_OutTests.swift in Sources */ = {isa = PBXBuildFile; fileRef = 01FC3E7B259C75D70053E372 /* Eat_OutTests.swift */; };
		01FC3E87259C75D70053E372 /* Eat_OutUITests.swift in Sources */ = {isa = PBXBuildFile; fileRef = 01FC3E86259C75D70053E372 /* Eat_OutUITests.swift */; };
		78984FC37E0F0646DEC1F2B7 /* libPods-Eat Out-Eat OutUITests.a in Frameworks */ = {isa = PBXBuildFile; fileRef = 51B6D27E718AF41E04C01FB9 /* libPods-Eat Out-Eat OutUITests.a */; };
		A65B4727BA738E2FCF415F15 /* libPods-Eat Out.a in Frameworks */ = {isa = PBXBuildFile; fileRef = AC212E94780124CADA44341A /* libPods-Eat Out.a */; };
		CD363C04B4D689FA987F5365 /* libPods-Eat OutTests.a in Frameworks */ = {isa = PBXBuildFile; fileRef = 491C23039E54A77DF69E2239 /* libPods-Eat OutTests.a */; };
/* End PBXBuildFile section */

/* Begin PBXContainerItemProxy section */
		01FC3E78259C75D70053E372 /* PBXContainerItemProxy */ = {
			isa = PBXContainerItemProxy;
			containerPortal = 01FC3E59259C75D30053E372 /* Project object */;
			proxyType = 1;
			remoteGlobalIDString = 01FC3E60259C75D40053E372;
			remoteInfo = "Eat Out";
		};
		01FC3E83259C75D70053E372 /* PBXContainerItemProxy */ = {
			isa = PBXContainerItemProxy;
			containerPortal = 01FC3E59259C75D30053E372 /* Project object */;
			proxyType = 1;
			remoteGlobalIDString = 01FC3E60259C75D40053E372;
			remoteInfo = "Eat Out";
		};
/* End PBXContainerItemProxy section */

/* Begin PBXFileReference section */
		01BE6D30259C82B9002F0877 /* AppCoordinator.swift */ = {isa = PBXFileReference; lastKnownFileType = sourcecode.swift; path = AppCoordinator.swift; sourceTree = "<group>"; };
		01BE6D74259C9179002F0877 /* HomeViewModel.swift */ = {isa = PBXFileReference; lastKnownFileType = sourcecode.swift; path = HomeViewModel.swift; sourceTree = "<group>"; };
		01BE6D79259C9182002F0877 /* HomeViewController.swift */ = {isa = PBXFileReference; lastKnownFileType = sourcecode.swift; path = HomeViewController.swift; sourceTree = "<group>"; };
		01BE6D81259C962E002F0877 /* readme.md */ = {isa = PBXFileReference; fileEncoding = 4; lastKnownFileType = net.daringfireball.markdown; path = readme.md; sourceTree = SOURCE_ROOT; };
		01BE6D8B259CA4EE002F0877 /* Restuarant.swift */ = {isa = PBXFileReference; lastKnownFileType = sourcecode.swift; path = Restuarant.swift; sourceTree = "<group>"; };
		01BE6D93259CA58B002F0877 /* Status.swift */ = {isa = PBXFileReference; lastKnownFileType = sourcecode.swift; path = Status.swift; sourceTree = "<group>"; };
		01BE6DD9259CAD53002F0877 /* iOS sample.json */ = {isa = PBXFileReference; fileEncoding = 4; lastKnownFileType = text.json; path = "iOS sample.json"; sourceTree = "<group>"; };
		01BE6DE2259CAE5E002F0877 /* JsonService.swift */ = {isa = PBXFileReference; lastKnownFileType = sourcecode.swift; path = JsonService.swift; sourceTree = "<group>"; };
		01BE6DEA259CB314002F0877 /* RealmService.swift */ = {isa = PBXFileReference; lastKnownFileType = sourcecode.swift; path = RealmService.swift; sourceTree = "<group>"; };
		01BE6DEF259CBC97002F0877 /* CacheService.swift */ = {isa = PBXFileReference; lastKnownFileType = sourcecode.swift; path = CacheService.swift; sourceTree = "<group>"; };
		01BE6DF4259CBE8C002F0877 /* RestuarantMeta.swift */ = {isa = PBXFileReference; lastKnownFileType = sourcecode.swift; path = RestuarantMeta.swift; sourceTree = "<group>"; };
		01BE6DFA259CC6DA002F0877 /* RealmUpdateDelegate.swift */ = {isa = PBXFileReference; lastKnownFileType = sourcecode.swift; path = RealmUpdateDelegate.swift; sourceTree = "<group>"; };
		01BE6DFF259D00B3002F0877 /* HomeCollectionViewCell.swift */ = {isa = PBXFileReference; lastKnownFileType = sourcecode.swift; path = HomeCollectionViewCell.swift; sourceTree = "<group>"; };
		01BE6E06259D02FD002F0877 /* ImageName.swift */ = {isa = PBXFileReference; lastKnownFileType = sourcecode.swift; path = ImageName.swift; sourceTree = "<group>"; };
		01BE6E0F259D03EF002F0877 /* UIColor+Utils.swift */ = {isa = PBXFileReference; lastKnownFileType = sourcecode.swift; path = "UIColor+Utils.swift"; sourceTree = "<group>"; };
		01BE6E1D259D0583002F0877 /* UIView+Utils.swift */ = {isa = PBXFileReference; lastKnownFileType = sourcecode.swift; path = "UIView+Utils.swift"; sourceTree = "<group>"; };
		01BE6E25259D0861002F0877 /* CellBottomView.swift */ = {isa = PBXFileReference; lastKnownFileType = sourcecode.swift; path = CellBottomView.swift; sourceTree = "<group>"; };
		01BE6E2A259D088F002F0877 /* UIStackView+Utils.swift */ = {isa = PBXFileReference; lastKnownFileType = sourcecode.swift; path = "UIStackView+Utils.swift"; sourceTree = "<group>"; };
		01BE6E2F259D0BEF002F0877 /* NSMutableAttributedString+Utils.swift */ = {isa = PBXFileReference; lastKnownFileType = sourcecode.swift; path = "NSMutableAttributedString+Utils.swift"; sourceTree = "<group>"; };
		01BE6E34259D0CB1002F0877 /* CostLevel.swift */ = {isa = PBXFileReference; lastKnownFileType = sourcecode.swift; path = CostLevel.swift; sourceTree = "<group>"; };
		01BE6E39259D0F93002F0877 /* CALayer+Utils.swift */ = {isa = PBXFileReference; lastKnownFileType = sourcecode.swift; path = "CALayer+Utils.swift"; sourceTree = "<group>"; };
		01BE6E3E259D1288002F0877 /* UIImage+Utils.swift */ = {isa = PBXFileReference; lastKnownFileType = sourcecode.swift; path = "UIImage+Utils.swift"; sourceTree = "<group>"; };
		01BE6E43259D14F0002F0877 /* SortView.swift */ = {isa = PBXFileReference; lastKnownFileType = sourcecode.swift; path = SortView.swift; sourceTree = "<group>"; };
		01BE6E48259D15D7002F0877 /* SortCell.swift */ = {isa = PBXFileReference; lastKnownFileType = sourcecode.swift; path = SortCell.swift; sourceTree = "<group>"; };
		01BE6E56259D1939002F0877 /* SortViewModel.swift */ = {isa = PBXFileReference; lastKnownFileType = sourcecode.swift; path = SortViewModel.swift; sourceTree = "<group>"; };
		01BE6E5E259D1DE7002F0877 /* String+Utils.swift */ = {isa = PBXFileReference; lastKnownFileType = sourcecode.swift; path = "String+Utils.swift"; sourceTree = "<group>"; };
		01BE6E63259D1E2A002F0877 /* TestingService.swift */ = {isa = PBXFileReference; lastKnownFileType = sourcecode.swift; path = TestingService.swift; sourceTree = "<group>"; };
		01BE6E75259D22B3002F0877 /* UIViewController+Utils.swift */ = {isa = PBXFileReference; lastKnownFileType = sourcecode.swift; path = "UIViewController+Utils.swift"; sourceTree = "<group>"; };
		01BE6E86259D3363002F0877 /* ImageTextLabel.swift */ = {isa = PBXFileReference; lastKnownFileType = sourcecode.swift; path = ImageTextLabel.swift; sourceTree = "<group>"; };
		01BE6E91259DB7B7002F0877 /* StatusView.swift */ = {isa = PBXFileReference; lastKnownFileType = sourcecode.swift; path = StatusView.swift; sourceTree = "<group>"; };
		01FC3E61259C75D40053E372 /* Eat Out.app */ = {isa = PBXFileReference; explicitFileType = wrapper.application; includeInIndex = 0; path = "Eat Out.app"; sourceTree = BUILT_PRODUCTS_DIR; };
		01FC3E64259C75D40053E372 /* AppDelegate.swift */ = {isa = PBXFileReference; lastKnownFileType = sourcecode.swift; path = AppDelegate.swift; sourceTree = "<group>"; };
		01FC3E66259C75D40053E372 /* SceneDelegate.swift */ = {isa = PBXFileReference; lastKnownFileType = sourcecode.swift; path = SceneDelegate.swift; sourceTree = "<group>"; };
		01FC3E6D259C75D60053E372 /* Assets.xcassets */ = {isa = PBXFileReference; lastKnownFileType = folder.assetcatalog; path = Assets.xcassets; sourceTree = "<group>"; };
		01FC3E70259C75D60053E372 /* Base */ = {isa = PBXFileReference; lastKnownFileType = file.storyboard; name = Base; path = Base.lproj/LaunchScreen.storyboard; sourceTree = "<group>"; };
		01FC3E72259C75D60053E372 /* Info.plist */ = {isa = PBXFileReference; lastKnownFileType = text.plist.xml; path = Info.plist; sourceTree = "<group>"; };
		01FC3E77259C75D70053E372 /* Eat OutTests.xctest */ = {isa = PBXFileReference; explicitFileType = wrapper.cfbundle; includeInIndex = 0; path = "Eat OutTests.xctest"; sourceTree = BUILT_PRODUCTS_DIR; };
		01FC3E7B259C75D70053E372 /* Eat_OutTests.swift */ = {isa = PBXFileReference; lastKnownFileType = sourcecode.swift; path = Eat_OutTests.swift; sourceTree = "<group>"; };
		01FC3E7D259C75D70053E372 /* Info.plist */ = {isa = PBXFileReference; lastKnownFileType = text.plist.xml; path = Info.plist; sourceTree = "<group>"; };
		01FC3E82259C75D70053E372 /* Eat OutUITests.xctest */ = {isa = PBXFileReference; explicitFileType = wrapper.cfbundle; includeInIndex = 0; path = "Eat OutUITests.xctest"; sourceTree = BUILT_PRODUCTS_DIR; };
		01FC3E86259C75D70053E372 /* Eat_OutUITests.swift */ = {isa = PBXFileReference; lastKnownFileType = sourcecode.swift; path = Eat_OutUITests.swift; sourceTree = "<group>"; };
		01FC3E88259C75D70053E372 /* Info.plist */ = {isa = PBXFileReference; lastKnownFileType = text.plist.xml; path = Info.plist; sourceTree = "<group>"; };
		1D15E3DBE7C995947E975260 /* Pods-Eat Out.debug.xcconfig */ = {isa = PBXFileReference; includeInIndex = 1; lastKnownFileType = text.xcconfig; name = "Pods-Eat Out.debug.xcconfig"; path = "Target Support Files/Pods-Eat Out/Pods-Eat Out.debug.xcconfig"; sourceTree = "<group>"; };
		2F44FB39B3E1ABA751BD4771 /* Pods-Eat Out-Eat OutUITests.release.xcconfig */ = {isa = PBXFileReference; includeInIndex = 1; lastKnownFileType = text.xcconfig; name = "Pods-Eat Out-Eat OutUITests.release.xcconfig"; path = "Target Support Files/Pods-Eat Out-Eat OutUITests/Pods-Eat Out-Eat OutUITests.release.xcconfig"; sourceTree = "<group>"; };
		489CFF534D6A68AC99A884E1 /* Pods-Eat OutTests.release.xcconfig */ = {isa = PBXFileReference; includeInIndex = 1; lastKnownFileType = text.xcconfig; name = "Pods-Eat OutTests.release.xcconfig"; path = "Target Support Files/Pods-Eat OutTests/Pods-Eat OutTests.release.xcconfig"; sourceTree = "<group>"; };
		491C23039E54A77DF69E2239 /* libPods-Eat OutTests.a */ = {isa = PBXFileReference; explicitFileType = archive.ar; includeInIndex = 0; path = "libPods-Eat OutTests.a"; sourceTree = BUILT_PRODUCTS_DIR; };
		51B6D27E718AF41E04C01FB9 /* libPods-Eat Out-Eat OutUITests.a */ = {isa = PBXFileReference; explicitFileType = archive.ar; includeInIndex = 0; path = "libPods-Eat Out-Eat OutUITests.a"; sourceTree = BUILT_PRODUCTS_DIR; };
		740E691FB69C73B0C1B00ADB /* Pods-Eat Out.release.xcconfig */ = {isa = PBXFileReference; includeInIndex = 1; lastKnownFileType = text.xcconfig; name = "Pods-Eat Out.release.xcconfig"; path = "Target Support Files/Pods-Eat Out/Pods-Eat Out.release.xcconfig"; sourceTree = "<group>"; };
		AC212E94780124CADA44341A /* libPods-Eat Out.a */ = {isa = PBXFileReference; explicitFileType = archive.ar; includeInIndex = 0; path = "libPods-Eat Out.a"; sourceTree = BUILT_PRODUCTS_DIR; };
		ACCC9C404D51E2F0C7F54300 /* Pods-Eat OutTests.debug.xcconfig */ = {isa = PBXFileReference; includeInIndex = 1; lastKnownFileType = text.xcconfig; name = "Pods-Eat OutTests.debug.xcconfig"; path = "Target Support Files/Pods-Eat OutTests/Pods-Eat OutTests.debug.xcconfig"; sourceTree = "<group>"; };
		E9C621FB1C4C60FF763EDC24 /* Pods-Eat Out-Eat OutUITests.debug.xcconfig */ = {isa = PBXFileReference; includeInIndex = 1; lastKnownFileType = text.xcconfig; name = "Pods-Eat Out-Eat OutUITests.debug.xcconfig"; path = "Target Support Files/Pods-Eat Out-Eat OutUITests/Pods-Eat Out-Eat OutUITests.debug.xcconfig"; sourceTree = "<group>"; };
/* End PBXFileReference section */

/* Begin PBXFrameworksBuildPhase section */
		01FC3E5E259C75D40053E372 /* Frameworks */ = {
			isa = PBXFrameworksBuildPhase;
			buildActionMask = 2147483647;
			files = (
				A65B4727BA738E2FCF415F15 /* libPods-Eat Out.a in Frameworks */,
			);
			runOnlyForDeploymentPostprocessing = 0;
		};
		01FC3E74259C75D70053E372 /* Frameworks */ = {
			isa = PBXFrameworksBuildPhase;
			buildActionMask = 2147483647;
			files = (
				CD363C04B4D689FA987F5365 /* libPods-Eat OutTests.a in Frameworks */,
			);
			runOnlyForDeploymentPostprocessing = 0;
		};
		01FC3E7F259C75D70053E372 /* Frameworks */ = {
			isa = PBXFrameworksBuildPhase;
			buildActionMask = 2147483647;
			files = (
				78984FC37E0F0646DEC1F2B7 /* libPods-Eat Out-Eat OutUITests.a in Frameworks */,
			);
			runOnlyForDeploymentPostprocessing = 0;
		};
/* End PBXFrameworksBuildPhase section */

/* Begin PBXGroup section */
		01BE6D6E259C9106002F0877 /* Supporting Files */ = {
			isa = PBXGroup;
			children = (
				01FC3E6D259C75D60053E372 /* Assets.xcassets */,
				01FC3E72259C75D60053E372 /* Info.plist */,
				01BE6DD9259CAD53002F0877 /* iOS sample.json */,
				01FC3E6F259C75D60053E372 /* LaunchScreen.storyboard */,
				01BE6E63259D1E2A002F0877 /* TestingService.swift */,
			);
			path = "Supporting Files";
			sourceTree = "<group>";
		};
		01BE6D72259C9161002F0877 /* Modules */ = {
			isa = PBXGroup;
			children = (
				01BE6D73259C916C002F0877 /* Home */,
			);
			path = Modules;
			sourceTree = "<group>";
		};
		01BE6D73259C916C002F0877 /* Home */ = {
			isa = PBXGroup;
			children = (
				01BE6E14259D0451002F0877 /* Components */,
				01BE6D79259C9182002F0877 /* HomeViewController.swift */,
				01BE6D74259C9179002F0877 /* HomeViewModel.swift */,
			);
			path = Home;
			sourceTree = "<group>";
		};
		01BE6D8A259CA4CF002F0877 /* Model */ = {
			isa = PBXGroup;
			children = (
				01BE6D8B259CA4EE002F0877 /* Restuarant.swift */,
				01BE6D93259CA58B002F0877 /* Status.swift */,
				01BE6DF4259CBE8C002F0877 /* RestuarantMeta.swift */,
				01BE6E34259D0CB1002F0877 /* CostLevel.swift */,
			);
			path = Model;
			sourceTree = "<group>";
		};
		01BE6DE1259CAE48002F0877 /* Services */ = {
			isa = PBXGroup;
			children = (
				01BE6DE2259CAE5E002F0877 /* JsonService.swift */,
				01BE6DEA259CB314002F0877 /* RealmService.swift */,
				01BE6DEF259CBC97002F0877 /* CacheService.swift */,
			);
			path = Services;
			sourceTree = "<group>";
		};
		01BE6DF9259CC6C4002F0877 /* Protocol */ = {
			isa = PBXGroup;
			children = (
				01BE6DFA259CC6DA002F0877 /* RealmUpdateDelegate.swift */,
			);
			path = Protocol;
			sourceTree = "<group>";
		};
		01BE6E05259D02F0002F0877 /* Constants */ = {
			isa = PBXGroup;
			children = (
				01BE6E06259D02FD002F0877 /* ImageName.swift */,
			);
			path = Constants;
			sourceTree = "<group>";
		};
		01BE6E0E259D03DA002F0877 /* Extensions */ = {
			isa = PBXGroup;
			children = (
				01BE6E0F259D03EF002F0877 /* UIColor+Utils.swift */,
				01BE6E1D259D0583002F0877 /* UIView+Utils.swift */,
				01BE6E2A259D088F002F0877 /* UIStackView+Utils.swift */,
				01BE6E2F259D0BEF002F0877 /* NSMutableAttributedString+Utils.swift */,
				01BE6E39259D0F93002F0877 /* CALayer+Utils.swift */,
				01BE6E3E259D1288002F0877 /* UIImage+Utils.swift */,
				01BE6E5E259D1DE7002F0877 /* String+Utils.swift */,
				01BE6E75259D22B3002F0877 /* UIViewController+Utils.swift */,
			);
			path = Extensions;
			sourceTree = "<group>";
		};
		01BE6E14259D0451002F0877 /* Components */ = {
			isa = PBXGroup;
			children = (
				01BE6E55259D192A002F0877 /* SortCollectionView */,
				01BE6DFF259D00B3002F0877 /* HomeCollectionViewCell.swift */,
				01BE6E25259D0861002F0877 /* CellBottomView.swift */,
				01BE6E86259D3363002F0877 /* ImageTextLabel.swift */,
				01BE6E91259DB7B7002F0877 /* StatusView.swift */,
			);
			path = Components;
			sourceTree = "<group>";
		};
		01BE6E55259D192A002F0877 /* SortCollectionView */ = {
			isa = PBXGroup;
			children = (
				01BE6E43259D14F0002F0877 /* SortView.swift */,
				01BE6E48259D15D7002F0877 /* SortCell.swift */,
				01BE6E56259D1939002F0877 /* SortViewModel.swift */,
			);
			path = SortCollectionView;
			sourceTree = "<group>";
		};
		01BE6E96259DC8CB002F0877 /* SnapshotTests */ = {
			isa = PBXGroup;
			children = (
			);
			path = SnapshotTests;
			sourceTree = "<group>";
		};
		01FC3E58259C75D30053E372 = {
			isa = PBXGroup;
			children = (
				01FC3E63259C75D40053E372 /* Eat Out */,
				01FC3E7A259C75D70053E372 /* Eat OutTests */,
				01FC3E85259C75D70053E372 /* Eat OutUITests */,
				3F277910000D5BBFF7B79FE0 /* Frameworks */,
				7A79AC0E4DE1AEB9738FC78A /* Pods */,
				01FC3E62259C75D40053E372 /* Products */,
			);
			sourceTree = "<group>";
		};
		01FC3E62259C75D40053E372 /* Products */ = {
			isa = PBXGroup;
			children = (
				01FC3E61259C75D40053E372 /* Eat Out.app */,
				01FC3E77259C75D70053E372 /* Eat OutTests.xctest */,
				01FC3E82259C75D70053E372 /* Eat OutUITests.xctest */,
			);
			name = Products;
			sourceTree = "<group>";
		};
		01FC3E63259C75D40053E372 /* Eat Out */ = {
			isa = PBXGroup;
			children = (
				01BE6E0E259D03DA002F0877 /* Extensions */,
				01BE6E05259D02F0002F0877 /* Constants */,
				01BE6DF9259CC6C4002F0877 /* Protocol */,
				01BE6DE1259CAE48002F0877 /* Services */,
				01BE6D8A259CA4CF002F0877 /* Model */,
				01BE6D72259C9161002F0877 /* Modules */,
				01BE6D6E259C9106002F0877 /* Supporting Files */,
				01BE6D30259C82B9002F0877 /* AppCoordinator.swift */,
				01FC3E64259C75D40053E372 /* AppDelegate.swift */,
				01FC3E66259C75D40053E372 /* SceneDelegate.swift */,
				01BE6D81259C962E002F0877 /* readme.md */,
			);
			path = "Eat Out";
			sourceTree = "<group>";
		};
		01FC3E7A259C75D70053E372 /* Eat OutTests */ = {
			isa = PBXGroup;
			children = (
				01BE6E96259DC8CB002F0877 /* SnapshotTests */,
				01FC3E7B259C75D70053E372 /* Eat_OutTests.swift */,
				01FC3E7D259C75D70053E372 /* Info.plist */,
			);
			path = "Eat OutTests";
			sourceTree = "<group>";
		};
		01FC3E85259C75D70053E372 /* Eat OutUITests */ = {
			isa = PBXGroup;
			children = (
				01FC3E86259C75D70053E372 /* Eat_OutUITests.swift */,
				01FC3E88259C75D70053E372 /* Info.plist */,
			);
			path = "Eat OutUITests";
			sourceTree = "<group>";
		};
		3F277910000D5BBFF7B79FE0 /* Frameworks */ = {
			isa = PBXGroup;
			children = (
				51B6D27E718AF41E04C01FB9 /* libPods-Eat Out-Eat OutUITests.a */,
				AC212E94780124CADA44341A /* libPods-Eat Out.a */,
				491C23039E54A77DF69E2239 /* libPods-Eat OutTests.a */,
			);
			name = Frameworks;
			sourceTree = "<group>";
		};
		7A79AC0E4DE1AEB9738FC78A /* Pods */ = {
			isa = PBXGroup;
			children = (
				E9C621FB1C4C60FF763EDC24 /* Pods-Eat Out-Eat OutUITests.debug.xcconfig */,
				2F44FB39B3E1ABA751BD4771 /* Pods-Eat Out-Eat OutUITests.release.xcconfig */,
				1D15E3DBE7C995947E975260 /* Pods-Eat Out.debug.xcconfig */,
				740E691FB69C73B0C1B00ADB /* Pods-Eat Out.release.xcconfig */,
				ACCC9C404D51E2F0C7F54300 /* Pods-Eat OutTests.debug.xcconfig */,
				489CFF534D6A68AC99A884E1 /* Pods-Eat OutTests.release.xcconfig */,
			);
			path = Pods;
			sourceTree = "<group>";
		};
/* End PBXGroup section */

/* Begin PBXNativeTarget section */
		01FC3E60259C75D40053E372 /* Eat Out */ = {
			isa = PBXNativeTarget;
			buildConfigurationList = 01FC3E8B259C75D70053E372 /* Build configuration list for PBXNativeTarget "Eat Out" */;
			buildPhases = (
				4EC7F423B23206E60725E5AB /* [CP] Check Pods Manifest.lock */,
				01FC3E5D259C75D40053E372 /* Sources */,
				01FC3E5E259C75D40053E372 /* Frameworks */,
				01FC3E5F259C75D40053E372 /* Resources */,
				01BE6E04259D0224002F0877 /* Run SwiftLint */,
			);
			buildRules = (
			);
			dependencies = (
			);
			name = "Eat Out";
			productName = "Eat Out";
			productReference = 01FC3E61259C75D40053E372 /* Eat Out.app */;
			productType = "com.apple.product-type.application";
		};
		01FC3E76259C75D70053E372 /* Eat OutTests */ = {
			isa = PBXNativeTarget;
			buildConfigurationList = 01FC3E8E259C75D70053E372 /* Build configuration list for PBXNativeTarget "Eat OutTests" */;
			buildPhases = (
				24D27FBCA1A8FAAFA36C72A9 /* [CP] Check Pods Manifest.lock */,
				01FC3E73259C75D70053E372 /* Sources */,
				01FC3E74259C75D70053E372 /* Frameworks */,
				01FC3E75259C75D70053E372 /* Resources */,
			);
			buildRules = (
			);
			dependencies = (
				01FC3E79259C75D70053E372 /* PBXTargetDependency */,
			);
			name = "Eat OutTests";
			productName = "Eat OutTests";
			productReference = 01FC3E77259C75D70053E372 /* Eat OutTests.xctest */;
			productType = "com.apple.product-type.bundle.unit-test";
		};
		01FC3E81259C75D70053E372 /* Eat OutUITests */ = {
			isa = PBXNativeTarget;
			buildConfigurationList = 01FC3E91259C75D70053E372 /* Build configuration list for PBXNativeTarget "Eat OutUITests" */;
			buildPhases = (
				284B38199094A2D03FA272FD /* [CP] Check Pods Manifest.lock */,
				01FC3E7E259C75D70053E372 /* Sources */,
				01FC3E7F259C75D70053E372 /* Frameworks */,
				01FC3E80259C75D70053E372 /* Resources */,
			);
			buildRules = (
			);
			dependencies = (
				01FC3E84259C75D70053E372 /* PBXTargetDependency */,
			);
			name = "Eat OutUITests";
			productName = "Eat OutUITests";
			productReference = 01FC3E82259C75D70053E372 /* Eat OutUITests.xctest */;
			productType = "com.apple.product-type.bundle.ui-testing";
		};
/* End PBXNativeTarget section */

/* Begin PBXProject section */
		01FC3E59259C75D30053E372 /* Project object */ = {
			isa = PBXProject;
			attributes = {
				LastSwiftUpdateCheck = 1230;
				LastUpgradeCheck = 1230;
				TargetAttributes = {
					01FC3E60259C75D40053E372 = {
						CreatedOnToolsVersion = 12.3;
					};
					01FC3E76259C75D70053E372 = {
						CreatedOnToolsVersion = 12.3;
						TestTargetID = 01FC3E60259C75D40053E372;
					};
					01FC3E81259C75D70053E372 = {
						CreatedOnToolsVersion = 12.3;
						TestTargetID = 01FC3E60259C75D40053E372;
					};
				};
			};
			buildConfigurationList = 01FC3E5C259C75D30053E372 /* Build configuration list for PBXProject "Eat Out" */;
			compatibilityVersion = "Xcode 9.3";
			developmentRegion = en;
			hasScannedForEncodings = 0;
			knownRegions = (
				en,
				Base,
			);
			mainGroup = 01FC3E58259C75D30053E372;
			productRefGroup = 01FC3E62259C75D40053E372 /* Products */;
			projectDirPath = "";
			projectRoot = "";
			targets = (
				01FC3E60259C75D40053E372 /* Eat Out */,
				01FC3E76259C75D70053E372 /* Eat OutTests */,
				01FC3E81259C75D70053E372 /* Eat OutUITests */,
			);
		};
/* End PBXProject section */

/* Begin PBXResourcesBuildPhase section */
		01FC3E5F259C75D40053E372 /* Resources */ = {
			isa = PBXResourcesBuildPhase;
			buildActionMask = 2147483647;
			files = (
				01BE6DDA259CAD53002F0877 /* iOS sample.json in Resources */,
				01FC3E6E259C75D60053E372 /* Assets.xcassets in Resources */,
				01FC3E71259C75D60053E372 /* LaunchScreen.storyboard in Resources */,
				01BE6D82259C962E002F0877 /* readme.md in Resources */,
			);
			runOnlyForDeploymentPostprocessing = 0;
		};
		01FC3E75259C75D70053E372 /* Resources */ = {
			isa = PBXResourcesBuildPhase;
			buildActionMask = 2147483647;
			files = (
			);
			runOnlyForDeploymentPostprocessing = 0;
		};
		01FC3E80259C75D70053E372 /* Resources */ = {
			isa = PBXResourcesBuildPhase;
			buildActionMask = 2147483647;
			files = (
			);
			runOnlyForDeploymentPostprocessing = 0;
		};
/* End PBXResourcesBuildPhase section */

/* Begin PBXShellScriptBuildPhase section */
		01BE6E04259D0224002F0877 /* Run SwiftLint */ = {
			isa = PBXShellScriptBuildPhase;
			buildActionMask = 2147483647;
			files = (
			);
			inputFileListPaths = (
			);
			inputPaths = (
			);
			name = "Run SwiftLint";
			outputFileListPaths = (
			);
			outputPaths = (
			);
			runOnlyForDeploymentPostprocessing = 0;
			shellPath = /bin/sh;
			shellScript = "\"${PODS_ROOT}/SwiftLint/swiftlint\"\n";
		};
		24D27FBCA1A8FAAFA36C72A9 /* [CP] Check Pods Manifest.lock */ = {
			isa = PBXShellScriptBuildPhase;
			buildActionMask = 2147483647;
			files = (
			);
			inputFileListPaths = (
			);
			inputPaths = (
				"${PODS_PODFILE_DIR_PATH}/Podfile.lock",
				"${PODS_ROOT}/Manifest.lock",
			);
			name = "[CP] Check Pods Manifest.lock";
			outputFileListPaths = (
			);
			outputPaths = (
				"$(DERIVED_FILE_DIR)/Pods-Eat OutTests-checkManifestLockResult.txt",
			);
			runOnlyForDeploymentPostprocessing = 0;
			shellPath = /bin/sh;
			shellScript = "diff \"${PODS_PODFILE_DIR_PATH}/Podfile.lock\" \"${PODS_ROOT}/Manifest.lock\" > /dev/null\nif [ $? != 0 ] ; then\n    # print error to STDERR\n    echo \"error: The sandbox is not in sync with the Podfile.lock. Run 'pod install' or update your CocoaPods installation.\" >&2\n    exit 1\nfi\n# This output is used by Xcode 'outputs' to avoid re-running this script phase.\necho \"SUCCESS\" > \"${SCRIPT_OUTPUT_FILE_0}\"\n";
			showEnvVarsInLog = 0;
		};
		284B38199094A2D03FA272FD /* [CP] Check Pods Manifest.lock */ = {
			isa = PBXShellScriptBuildPhase;
			buildActionMask = 2147483647;
			files = (
			);
			inputFileListPaths = (
			);
			inputPaths = (
				"${PODS_PODFILE_DIR_PATH}/Podfile.lock",
				"${PODS_ROOT}/Manifest.lock",
			);
			name = "[CP] Check Pods Manifest.lock";
			outputFileListPaths = (
			);
			outputPaths = (
				"$(DERIVED_FILE_DIR)/Pods-Eat Out-Eat OutUITests-checkManifestLockResult.txt",
			);
			runOnlyForDeploymentPostprocessing = 0;
			shellPath = /bin/sh;
			shellScript = "diff \"${PODS_PODFILE_DIR_PATH}/Podfile.lock\" \"${PODS_ROOT}/Manifest.lock\" > /dev/null\nif [ $? != 0 ] ; then\n    # print error to STDERR\n    echo \"error: The sandbox is not in sync with the Podfile.lock. Run 'pod install' or update your CocoaPods installation.\" >&2\n    exit 1\nfi\n# This output is used by Xcode 'outputs' to avoid re-running this script phase.\necho \"SUCCESS\" > \"${SCRIPT_OUTPUT_FILE_0}\"\n";
			showEnvVarsInLog = 0;
		};
		4EC7F423B23206E60725E5AB /* [CP] Check Pods Manifest.lock */ = {
			isa = PBXShellScriptBuildPhase;
			buildActionMask = 2147483647;
			files = (
			);
			inputFileListPaths = (
			);
			inputPaths = (
				"${PODS_PODFILE_DIR_PATH}/Podfile.lock",
				"${PODS_ROOT}/Manifest.lock",
			);
			name = "[CP] Check Pods Manifest.lock";
			outputFileListPaths = (
			);
			outputPaths = (
				"$(DERIVED_FILE_DIR)/Pods-Eat Out-checkManifestLockResult.txt",
			);
			runOnlyForDeploymentPostprocessing = 0;
			shellPath = /bin/sh;
			shellScript = "diff \"${PODS_PODFILE_DIR_PATH}/Podfile.lock\" \"${PODS_ROOT}/Manifest.lock\" > /dev/null\nif [ $? != 0 ] ; then\n    # print error to STDERR\n    echo \"error: The sandbox is not in sync with the Podfile.lock. Run 'pod install' or update your CocoaPods installation.\" >&2\n    exit 1\nfi\n# This output is used by Xcode 'outputs' to avoid re-running this script phase.\necho \"SUCCESS\" > \"${SCRIPT_OUTPUT_FILE_0}\"\n";
			showEnvVarsInLog = 0;
		};
/* End PBXShellScriptBuildPhase section */

/* Begin PBXSourcesBuildPhase section */
		01FC3E5D259C75D40053E372 /* Sources */ = {
			isa = PBXSourcesBuildPhase;
			buildActionMask = 2147483647;
			files = (
				01BE6E57259D1939002F0877 /* SortViewModel.swift in Sources */,
				01BE6E10259D03EF002F0877 /* UIColor+Utils.swift in Sources */,
				01BE6D31259C82B9002F0877 /* AppCoordinator.swift in Sources */,
				01BE6D8C259CA4EE002F0877 /* Restuarant.swift in Sources */,
				01BE6E07259D02FD002F0877 /* ImageName.swift in Sources */,
				01BE6E1E259D0583002F0877 /* UIView+Utils.swift in Sources */,
				01FC3E65259C75D40053E372 /* AppDelegate.swift in Sources */,
				01BE6DFB259CC6DA002F0877 /* RealmUpdateDelegate.swift in Sources */,
				01BE6D94259CA58B002F0877 /* Status.swift in Sources */,
				01BE6E00259D00B3002F0877 /* HomeCollectionViewCell.swift in Sources */,
				01BE6E2B259D088F002F0877 /* UIStackView+Utils.swift in Sources */,
				01BE6E35259D0CB1002F0877 /* CostLevel.swift in Sources */,
				01BE6E3A259D0F93002F0877 /* CALayer+Utils.swift in Sources */,
				01BE6E87259D3363002F0877 /* ImageTextLabel.swift in Sources */,
				01BE6E92259DB7B7002F0877 /* StatusView.swift in Sources */,
				01BE6E44259D14F0002F0877 /* SortView.swift in Sources */,
				01BE6E76259D22B3002F0877 /* UIViewController+Utils.swift in Sources */,
				01BE6E30259D0BEF002F0877 /* NSMutableAttributedString+Utils.swift in Sources */,
				01BE6DF5259CBE8C002F0877 /* RestuarantMeta.swift in Sources */,
				01BE6E49259D15D7002F0877 /* SortCell.swift in Sources */,
				01BE6DF0259CBC97002F0877 /* CacheService.swift in Sources */,
				01BE6DEB259CB314002F0877 /* RealmService.swift in Sources */,
				01BE6E26259D0861002F0877 /* CellBottomView.swift in Sources */,
				01BE6D7A259C9182002F0877 /* HomeViewController.swift in Sources */,
				01BE6E64259D1E2A002F0877 /* TestingService.swift in Sources */,
				01BE6D75259C9179002F0877 /* HomeViewModel.swift in Sources */,
				01BE6E3F259D1288002F0877 /* UIImage+Utils.swift in Sources */,
				01BE6E5F259D1DE7002F0877 /* String+Utils.swift in Sources */,
				01FC3E67259C75D40053E372 /* SceneDelegate.swift in Sources */,
				01BE6DE3259CAE5E002F0877 /* JsonService.swift in Sources */,
			);
			runOnlyForDeploymentPostprocessing = 0;
		};
		01FC3E73259C75D70053E372 /* Sources */ = {
			isa = PBXSourcesBuildPhase;
			buildActionMask = 2147483647;
			files = (
				01FC3E7C259C75D70053E372 /* Eat_OutTests.swift in Sources */,
			);
			runOnlyForDeploymentPostprocessing = 0;
		};
		01FC3E7E259C75D70053E372 /* Sources */ = {
			isa = PBXSourcesBuildPhase;
			buildActionMask = 2147483647;
			files = (
				01FC3E87259C75D70053E372 /* Eat_OutUITests.swift in Sources */,
			);
			runOnlyForDeploymentPostprocessing = 0;
		};
/* End PBXSourcesBuildPhase section */

/* Begin PBXTargetDependency section */
		01FC3E79259C75D70053E372 /* PBXTargetDependency */ = {
			isa = PBXTargetDependency;
			target = 01FC3E60259C75D40053E372 /* Eat Out */;
			targetProxy = 01FC3E78259C75D70053E372 /* PBXContainerItemProxy */;
		};
		01FC3E84259C75D70053E372 /* PBXTargetDependency */ = {
			isa = PBXTargetDependency;
			target = 01FC3E60259C75D40053E372 /* Eat Out */;
			targetProxy = 01FC3E83259C75D70053E372 /* PBXContainerItemProxy */;
		};
/* End PBXTargetDependency section */

/* Begin PBXVariantGroup section */
		01FC3E6F259C75D60053E372 /* LaunchScreen.storyboard */ = {
			isa = PBXVariantGroup;
			children = (
				01FC3E70259C75D60053E372 /* Base */,
			);
			name = LaunchScreen.storyboard;
			sourceTree = "<group>";
		};
/* End PBXVariantGroup section */

/* Begin XCBuildConfiguration section */
		01FC3E89259C75D70053E372 /* Debug */ = {
			isa = XCBuildConfiguration;
			buildSettings = {
				CLANG_ANALYZER_NONNULL = YES;
				CLANG_ANALYZER_NUMBER_OBJECT_CONVERSION = YES_AGGRESSIVE;
				CLANG_CXX_LANGUAGE_STANDARD = "gnu++14";
				CLANG_CXX_LIBRARY = "libc++";
				CLANG_ENABLE_MODULES = YES;
				CLANG_ENABLE_OBJC_ARC = YES;
				CLANG_ENABLE_OBJC_WEAK = YES;
				CLANG_WARN_BLOCK_CAPTURE_AUTORELEASING = YES;
				CLANG_WARN_BOOL_CONVERSION = YES;
				CLANG_WARN_COMMA = YES;
				CLANG_WARN_CONSTANT_CONVERSION = YES;
				CLANG_WARN_DEPRECATED_OBJC_IMPLEMENTATIONS = YES;
				CLANG_WARN_DIRECT_OBJC_ISA_USAGE = YES_ERROR;
				CLANG_WARN_DOCUMENTATION_COMMENTS = YES;
				CLANG_WARN_EMPTY_BODY = YES;
				CLANG_WARN_ENUM_CONVERSION = YES;
				CLANG_WARN_INFINITE_RECURSION = YES;
				CLANG_WARN_INT_CONVERSION = YES;
				CLANG_WARN_NON_LITERAL_NULL_CONVERSION = YES;
				CLANG_WARN_OBJC_IMPLICIT_RETAIN_SELF = YES;
				CLANG_WARN_OBJC_LITERAL_CONVERSION = YES;
				CLANG_WARN_OBJC_ROOT_CLASS = YES_ERROR;
				CLANG_WARN_QUOTED_INCLUDE_IN_FRAMEWORK_HEADER = YES;
				CLANG_WARN_RANGE_LOOP_ANALYSIS = YES;
				CLANG_WARN_STRICT_PROTOTYPES = YES;
				CLANG_WARN_SUSPICIOUS_MOVE = YES;
				CLANG_WARN_UNGUARDED_AVAILABILITY = YES_AGGRESSIVE;
				CLANG_WARN_UNREACHABLE_CODE = YES;
				CLANG_WARN__DUPLICATE_METHOD_MATCH = YES;
				COPY_PHASE_STRIP = NO;
				DEBUG_INFORMATION_FORMAT = dwarf;
				ENABLE_STRICT_OBJC_MSGSEND = YES;
				ENABLE_TESTABILITY = YES;
				GCC_C_LANGUAGE_STANDARD = gnu11;
				GCC_DYNAMIC_NO_PIC = NO;
				GCC_NO_COMMON_BLOCKS = YES;
				GCC_OPTIMIZATION_LEVEL = 0;
				GCC_PREPROCESSOR_DEFINITIONS = (
					"DEBUG=1",
					"$(inherited)",
				);
				GCC_WARN_64_TO_32_BIT_CONVERSION = YES;
				GCC_WARN_ABOUT_RETURN_TYPE = YES_ERROR;
				GCC_WARN_UNDECLARED_SELECTOR = YES;
				GCC_WARN_UNINITIALIZED_AUTOS = YES_AGGRESSIVE;
				GCC_WARN_UNUSED_FUNCTION = YES;
				GCC_WARN_UNUSED_VARIABLE = YES;
				IPHONEOS_DEPLOYMENT_TARGET = 13.0;
				MTL_ENABLE_DEBUG_INFO = INCLUDE_SOURCE;
				MTL_FAST_MATH = YES;
				ONLY_ACTIVE_ARCH = YES;
				SDKROOT = iphoneos;
				SWIFT_ACTIVE_COMPILATION_CONDITIONS = DEBUG;
				SWIFT_OPTIMIZATION_LEVEL = "-Onone";
			};
			name = Debug;
		};
		01FC3E8A259C75D70053E372 /* Release */ = {
			isa = XCBuildConfiguration;
			buildSettings = {
				CLANG_ANALYZER_NONNULL = YES;
				CLANG_ANALYZER_NUMBER_OBJECT_CONVERSION = YES_AGGRESSIVE;
				CLANG_CXX_LANGUAGE_STANDARD = "gnu++14";
				CLANG_CXX_LIBRARY = "libc++";
				CLANG_ENABLE_MODULES = YES;
				CLANG_ENABLE_OBJC_ARC = YES;
				CLANG_ENABLE_OBJC_WEAK = YES;
				CLANG_WARN_BLOCK_CAPTURE_AUTORELEASING = YES;
				CLANG_WARN_BOOL_CONVERSION = YES;
				CLANG_WARN_COMMA = YES;
				CLANG_WARN_CONSTANT_CONVERSION = YES;
				CLANG_WARN_DEPRECATED_OBJC_IMPLEMENTATIONS = YES;
				CLANG_WARN_DIRECT_OBJC_ISA_USAGE = YES_ERROR;
				CLANG_WARN_DOCUMENTATION_COMMENTS = YES;
				CLANG_WARN_EMPTY_BODY = YES;
				CLANG_WARN_ENUM_CONVERSION = YES;
				CLANG_WARN_INFINITE_RECURSION = YES;
				CLANG_WARN_INT_CONVERSION = YES;
				CLANG_WARN_NON_LITERAL_NULL_CONVERSION = YES;
				CLANG_WARN_OBJC_IMPLICIT_RETAIN_SELF = YES;
				CLANG_WARN_OBJC_LITERAL_CONVERSION = YES;
				CLANG_WARN_OBJC_ROOT_CLASS = YES_ERROR;
				CLANG_WARN_QUOTED_INCLUDE_IN_FRAMEWORK_HEADER = YES;
				CLANG_WARN_RANGE_LOOP_ANALYSIS = YES;
				CLANG_WARN_STRICT_PROTOTYPES = YES;
				CLANG_WARN_SUSPICIOUS_MOVE = YES;
				CLANG_WARN_UNGUARDED_AVAILABILITY = YES_AGGRESSIVE;
				CLANG_WARN_UNREACHABLE_CODE = YES;
				CLANG_WARN__DUPLICATE_METHOD_MATCH = YES;
				COPY_PHASE_STRIP = NO;
				DEBUG_INFORMATION_FORMAT = "dwarf-with-dsym";
				ENABLE_NS_ASSERTIONS = NO;
				ENABLE_STRICT_OBJC_MSGSEND = YES;
				GCC_C_LANGUAGE_STANDARD = gnu11;
				GCC_NO_COMMON_BLOCKS = YES;
				GCC_WARN_64_TO_32_BIT_CONVERSION = YES;
				GCC_WARN_ABOUT_RETURN_TYPE = YES_ERROR;
				GCC_WARN_UNDECLARED_SELECTOR = YES;
				GCC_WARN_UNINITIALIZED_AUTOS = YES_AGGRESSIVE;
				GCC_WARN_UNUSED_FUNCTION = YES;
				GCC_WARN_UNUSED_VARIABLE = YES;
				IPHONEOS_DEPLOYMENT_TARGET = 13.0;
				MTL_ENABLE_DEBUG_INFO = NO;
				MTL_FAST_MATH = YES;
				SDKROOT = iphoneos;
				SWIFT_COMPILATION_MODE = wholemodule;
				SWIFT_OPTIMIZATION_LEVEL = "-O";
				VALIDATE_PRODUCT = YES;
			};
			name = Release;
		};
		01FC3E8C259C75D70053E372 /* Debug */ = {
			isa = XCBuildConfiguration;
			baseConfigurationReference = 1D15E3DBE7C995947E975260 /* Pods-Eat Out.debug.xcconfig */;
			buildSettings = {
				ASSETCATALOG_COMPILER_APPICON_NAME = AppIcon;
				ASSETCATALOG_COMPILER_GLOBAL_ACCENT_COLOR_NAME = AccentColor;
				CODE_SIGN_STYLE = Automatic;
				DEVELOPMENT_TEAM = 5CZ6MXJL9N;
				INFOPLIST_FILE = "Eat Out/Supporting Files/Info.plist";
				LD_RUNPATH_SEARCH_PATHS = (
					"$(inherited)",
					"@executable_path/Frameworks",
				);
				PRODUCT_BUNDLE_IDENTIFIER = "venoc.Eat-Out";
				PRODUCT_NAME = "$(TARGET_NAME)";
				SWIFT_VERSION = 5.0;
				TARGETED_DEVICE_FAMILY = 1;
			};
			name = Debug;
		};
		01FC3E8D259C75D70053E372 /* Release */ = {
			isa = XCBuildConfiguration;
			baseConfigurationReference = 740E691FB69C73B0C1B00ADB /* Pods-Eat Out.release.xcconfig */;
			buildSettings = {
				ASSETCATALOG_COMPILER_APPICON_NAME = AppIcon;
				ASSETCATALOG_COMPILER_GLOBAL_ACCENT_COLOR_NAME = AccentColor;
				CODE_SIGN_STYLE = Automatic;
				DEVELOPMENT_TEAM = 5CZ6MXJL9N;
				INFOPLIST_FILE = "Eat Out/Supporting Files/Info.plist";
				LD_RUNPATH_SEARCH_PATHS = (
					"$(inherited)",
					"@executable_path/Frameworks",
				);
				PRODUCT_BUNDLE_IDENTIFIER = "venoc.Eat-Out";
				PRODUCT_NAME = "$(TARGET_NAME)";
				SWIFT_VERSION = 5.0;
				TARGETED_DEVICE_FAMILY = 1;
			};
			name = Release;
		};
		01FC3E8F259C75D70053E372 /* Debug */ = {
			isa = XCBuildConfiguration;
			baseConfigurationReference = ACCC9C404D51E2F0C7F54300 /* Pods-Eat OutTests.debug.xcconfig */;
			buildSettings = {
				BUNDLE_LOADER = "$(TEST_HOST)";
				CODE_SIGN_STYLE = Automatic;
				DEVELOPMENT_TEAM = 5CZ6MXJL9N;
				INFOPLIST_FILE = "Eat OutTests/Info.plist";
				IPHONEOS_DEPLOYMENT_TARGET = 14.3;
				LD_RUNPATH_SEARCH_PATHS = (
					"$(inherited)",
					"@executable_path/Frameworks",
					"@loader_path/Frameworks",
				);
				PRODUCT_BUNDLE_IDENTIFIER = "venoc.Eat-OutTests";
				PRODUCT_NAME = "$(TARGET_NAME)";
				SWIFT_VERSION = 5.0;
				TARGETED_DEVICE_FAMILY = "1,2";
				TEST_HOST = "$(BUILT_PRODUCTS_DIR)/Eat Out.app/Eat Out";
			};
			name = Debug;
		};
		01FC3E90259C75D70053E372 /* Release */ = {
			isa = XCBuildConfiguration;
			baseConfigurationReference = 489CFF534D6A68AC99A884E1 /* Pods-Eat OutTests.release.xcconfig */;
			buildSettings = {
				BUNDLE_LOADER = "$(TEST_HOST)";
				CODE_SIGN_STYLE = Automatic;
				DEVELOPMENT_TEAM = 5CZ6MXJL9N;
				INFOPLIST_FILE = "Eat OutTests/Info.plist";
				IPHONEOS_DEPLOYMENT_TARGET = 14.3;
				LD_RUNPATH_SEARCH_PATHS = (
					"$(inherited)",
					"@executable_path/Frameworks",
					"@loader_path/Frameworks",
				);
				PRODUCT_BUNDLE_IDENTIFIER = "venoc.Eat-OutTests";
				PRODUCT_NAME = "$(TARGET_NAME)";
				SWIFT_VERSION = 5.0;
				TARGETED_DEVICE_FAMILY = "1,2";
				TEST_HOST = "$(BUILT_PRODUCTS_DIR)/Eat Out.app/Eat Out";
			};
			name = Release;
		};
		01FC3E92259C75D70053E372 /* Debug */ = {
			isa = XCBuildConfiguration;
			baseConfigurationReference = E9C621FB1C4C60FF763EDC24 /* Pods-Eat Out-Eat OutUITests.debug.xcconfig */;
			buildSettings = {
				CODE_SIGN_STYLE = Automatic;
				DEVELOPMENT_TEAM = 5CZ6MXJL9N;
				INFOPLIST_FILE = "Eat OutUITests/Info.plist";
				LD_RUNPATH_SEARCH_PATHS = (
					"$(inherited)",
					"@executable_path/Frameworks",
					"@loader_path/Frameworks",
				);
				PRODUCT_BUNDLE_IDENTIFIER = "venoc.Eat-OutUITests";
				PRODUCT_NAME = "$(TARGET_NAME)";
				SWIFT_VERSION = 5.0;
				TARGETED_DEVICE_FAMILY = "1,2";
				TEST_TARGET_NAME = "Eat Out";
			};
			name = Debug;
		};
		01FC3E93259C75D70053E372 /* Release */ = {
			isa = XCBuildConfiguration;
			baseConfigurationReference = 2F44FB39B3E1ABA751BD4771 /* Pods-Eat Out-Eat OutUITests.release.xcconfig */;
			buildSettings = {
				CODE_SIGN_STYLE = Automatic;
				DEVELOPMENT_TEAM = 5CZ6MXJL9N;
				INFOPLIST_FILE = "Eat OutUITests/Info.plist";
				LD_RUNPATH_SEARCH_PATHS = (
					"$(inherited)",
					"@executable_path/Frameworks",
					"@loader_path/Frameworks",
				);
				PRODUCT_BUNDLE_IDENTIFIER = "venoc.Eat-OutUITests";
				PRODUCT_NAME = "$(TARGET_NAME)";
				SWIFT_VERSION = 5.0;
				TARGETED_DEVICE_FAMILY = "1,2";
				TEST_TARGET_NAME = "Eat Out";
			};
			name = Release;
		};
/* End XCBuildConfiguration section */

/* Begin XCConfigurationList section */
		01FC3E5C259C75D30053E372 /* Build configuration list for PBXProject "Eat Out" */ = {
			isa = XCConfigurationList;
			buildConfigurations = (
				01FC3E89259C75D70053E372 /* Debug */,
				01FC3E8A259C75D70053E372 /* Release */,
			);
			defaultConfigurationIsVisible = 0;
			defaultConfigurationName = Release;
		};
		01FC3E8B259C75D70053E372 /* Build configuration list for PBXNativeTarget "Eat Out" */ = {
			isa = XCConfigurationList;
			buildConfigurations = (
				01FC3E8C259C75D70053E372 /* Debug */,
				01FC3E8D259C75D70053E372 /* Release */,
			);
			defaultConfigurationIsVisible = 0;
			defaultConfigurationName = Release;
		};
		01FC3E8E259C75D70053E372 /* Build configuration list for PBXNativeTarget "Eat OutTests" */ = {
			isa = XCConfigurationList;
			buildConfigurations = (
				01FC3E8F259C75D70053E372 /* Debug */,
				01FC3E90259C75D70053E372 /* Release */,
			);
			defaultConfigurationIsVisible = 0;
			defaultConfigurationName = Release;
		};
		01FC3E91259C75D70053E372 /* Build configuration list for PBXNativeTarget "Eat OutUITests" */ = {
			isa = XCConfigurationList;
			buildConfigurations = (
				01FC3E92259C75D70053E372 /* Debug */,
				01FC3E93259C75D70053E372 /* Release */,
			);
			defaultConfigurationIsVisible = 0;
			defaultConfigurationName = Release;
		};
/* End XCConfigurationList section */
	};
	rootObject = 01FC3E59259C75D30053E372 /* Project object */;
}
