// !$*UTF8*$!
{
	archiveVersion = 1;
	classes = {
	};
	objectVersion = 50;
	objects = {

/* Begin PBXBuildFile section */
		002FADCA8602972C092B777963AB0C70 /* iOS sample.json in Resources */ = {isa = PBXBuildFile; fileRef = 8E72A649FBE0713F447EBB6639FF1E0E /* iOS sample.json */; };
		004CAE2B988838B80404175D2E88EDFF /* UIStackView+Utils.swift in Sources */ = {isa = PBXBuildFile; fileRef = E28D1B23A62D33247EEE2E3FFFC48310 /* UIStackView+Utils.swift */; };
		04466685A228285A55BF1037B5535027 /* libPods-Eat Out.a in Frameworks */ = {isa = PBXBuildFile; fileRef = 85901FDD9B3F8A5A667836808F39DE0D /* libPods-Eat Out.a */; };
		0B5706849AA119F070AE0C9C7A16139A /* RealmService.swift in Sources */ = {isa = PBXBuildFile; fileRef = 4FFFFBB017D97865AF78763102B2DED3 /* RealmService.swift */; };
		0B64B4F8D51F717A001C205BBCC6BC9E /* UIViewController+Utils.swift in Sources */ = {isa = PBXBuildFile; fileRef = 035260A7A0AF11664E29DA6D38AC3EC2 /* UIViewController+Utils.swift */; };
		0C29E0843D8CC90AFAE57B17FBEC9F3C /* JsonServiceTests.swift in Sources */ = {isa = PBXBuildFile; fileRef = 699A9C08669847901D447A2E8EBFDAB9 /* JsonServiceTests.swift */; };
		0D7578AE8DA0D38E8F2BFC5CCA7F61A2 /* EOSnapshotTest.swift in Sources */ = {isa = PBXBuildFile; fileRef = 33E04F022BAE3D738EAD83DB04E14157 /* EOSnapshotTest.swift */; };
		17C14E671C7D9569C2BCFAFDFDD7F606 /* HomeViewModel.swift in Sources */ = {isa = PBXBuildFile; fileRef = 560B1A043DC15EF631A59DC35CBAB2D4 /* HomeViewModel.swift */; };
		19F86D46E832068D56B655FEE34B5434 /* UIColor+Utils.swift in Sources */ = {isa = PBXBuildFile; fileRef = A933515ACADE3E0681AF628FF3026FC4 /* UIColor+Utils.swift */; };
		1B4DAA96D09AD80A18E6F94A5C8C6F28 /* RealmUpdateDelegate.swift in Sources */ = {isa = PBXBuildFile; fileRef = 42F0EEC07AD9062506ABDA9382C60E83 /* RealmUpdateDelegate.swift */; };
		2022F3E5A4C9FEDBECDA09995CC18DD2 /* RestuarantTests.swift in Sources */ = {isa = PBXBuildFile; fileRef = 9468F711F382636E358C68254C548C89 /* RestuarantTests.swift */; };
		202DB58C25F3987DD1FED3BC039EB3B7 /* Eat_OutUITests.swift in Sources */ = {isa = PBXBuildFile; fileRef = 5BC7B33F75AD1B6992094D0F5262E03E /* Eat_OutUITests.swift */; };
		2076E3B08D2ADF7FE4F7FE9247215940 /* JsonService.swift in Sources */ = {isa = PBXBuildFile; fileRef = 994E49124795648E887FB3E6D1257EB4 /* JsonService.swift */; };
		30985FFAC3916B3275E646A290F8AB9B /* SorterTests.swift in Sources */ = {isa = PBXBuildFile; fileRef = 93E9E48DE1B4241F9B22F05AEBC37B87 /* SorterTests.swift */; };
		39FC39826911F33B7E1FB0AA6255E010 /* SortCell.swift in Sources */ = {isa = PBXBuildFile; fileRef = B0FDAEC3C0DA822E34F320CC9F32F80D /* SortCell.swift */; };
		3BEB29AD6E2C9E505CCA19BB673FB5A2 /* UIView+Utils.swift in Sources */ = {isa = PBXBuildFile; fileRef = 9E1A2534F82B17A6CBCDBD5773E26496 /* UIView+Utils.swift */; };
		3CB283DFDEF29DCE536ED654674E3631 /* RealmServiceTests.swift in Sources */ = {isa = PBXBuildFile; fileRef = C291B3A6B5781C6C04AB88A568020E0E /* RealmServiceTests.swift */; };
		42BD146B5909C597C9F7FF2C674FF526 /* RestuarantStatusTests.swift in Sources */ = {isa = PBXBuildFile; fileRef = 7A9C5458A297F0D86D70A1AEBCCF53D6 /* RestuarantStatusTests.swift */; };
		46C9683C8A8FE1458333B17411084BB6 /* SortViewModel.swift in Sources */ = {isa = PBXBuildFile; fileRef = 8C829B1605626229AA8C101DE6D82953 /* SortViewModel.swift */; };
		560ED93FF08C4953D8D26C43FB8772D5 /* HomeViewController.swift in Sources */ = {isa = PBXBuildFile; fileRef = 890C0431AF023EBCF1D1D94F5CE8D28F /* HomeViewController.swift */; };
		5BF5E2428FE68D367B5932FCB8E6DE9A /* SceneDelegate.swift in Sources */ = {isa = PBXBuildFile; fileRef = 01495CC2D9430A00C61E6D3197CA2B5A /* SceneDelegate.swift */; };
		5CC1851469E4B6ED9EA0629B3B4FC45F /* UIColor+Utils.swift in Sources */ = {isa = PBXBuildFile; fileRef = A933515ACADE3E0681AF628FF3026FC4 /* UIColor+Utils.swift */; };
		61FCA2143A27803F1B23F05D1A54DB9A /* TestIdentifiers.swift in Sources */ = {isa = PBXBuildFile; fileRef = BED5009EE457BEC1B20C0E2C3B90F494 /* TestIdentifiers.swift */; };
		67871696E04C3888567D352B7A34B849 /* LaunchScreen.storyboard in Resources */ = {isa = PBXBuildFile; fileRef = 8C83ED884593193682A9567EAD4B35E1 /* LaunchScreen.storyboard */; };
		6C6592EBA8B1F9D87B527D0DE7F26690 /* SortView.swift in Sources */ = {isa = PBXBuildFile; fileRef = 1A181E22D3850CE2F89DF8BBB5C0B73A /* SortView.swift */; };
		70336B8B2BEF2260469D64EED17AD4A2 /* RestuarantStatus.swift in Sources */ = {isa = PBXBuildFile; fileRef = 918B97332AB5986D90C20ED35C580564 /* RestuarantStatus.swift */; };
		7480C88FC545D92DFF78A93DB49FE7DF /* Restuarant.swift in Sources */ = {isa = PBXBuildFile; fileRef = 492995AE5E419DA43177D6AF0004CA8E /* Restuarant.swift */; };
		75403047DDA9AA38CE88883D6C2EA533 /* TestHomeViewModel.swift in Sources */ = {isa = PBXBuildFile; fileRef = A2CEE4A74469283A51EE0C587E15B6A6 /* TestHomeViewModel.swift */; };
		783E11190B0D0D0BE5BA1974E2B7DECF /* Assets.xcassets in Resources */ = {isa = PBXBuildFile; fileRef = 1B98F8EE04C1CC200913D230BDE923C5 /* Assets.xcassets */; };
		7D2DCC0E2EB5EC0FD1E995B2D06D0538 /* CALayer+Utils.swift in Sources */ = {isa = PBXBuildFile; fileRef = A39018036D6DFD57D0FFF15EA96DB894 /* CALayer+Utils.swift */; };
		88AADB83C2DBB70CD33823199806C990 /* CacheSpyDelegate.swift in Sources */ = {isa = PBXBuildFile; fileRef = 1C0BD48B86248886748ED756873063CD /* CacheSpyDelegate.swift */; };
		8FA21D8A72447003F0ACAB008886B9DC /* AppCoordinator.swift in Sources */ = {isa = PBXBuildFile; fileRef = EF19F71C4CC9C02A6E900292D6E4A497 /* AppCoordinator.swift */; };
		97A6387700DD35E77D91C7A80E57E353 /* ImageName.swift in Sources */ = {isa = PBXBuildFile; fileRef = 43E6C9024FB6280505C2F4FD1576E94E /* ImageName.swift */; };
		9B518A00976A3D531E31B0AD422BA3BE /* readme.md in Resources */ = {isa = PBXBuildFile; fileRef = 81359833C02AAF22737408D65D54A9F2 /* readme.md */; };
		A166075B2D0687B5A48847D7E31D4871 /* HomeViewModelTests.swift in Sources */ = {isa = PBXBuildFile; fileRef = 68FD6D41388BD5106D1A1EC19CD62367 /* HomeViewModelTests.swift */; };
		A1A185AE85BAE0A5C77F9462956BF889 /* libPods-Eat OutTests.a in Frameworks */ = {isa = PBXBuildFile; fileRef = 55E883C87B28D2C0135EF69A940EECBA /* libPods-Eat OutTests.a */; };
		A1F416D71E5FB639C81FD004C56D838D /* TestCacheSerive.swift in Sources */ = {isa = PBXBuildFile; fileRef = BCA12D637B73F532EED7B6CC58E983D2 /* TestCacheSerive.swift */; };
		A5BC8CC756751D67F317925A15BD04C7 /* String+Utils.swift in Sources */ = {isa = PBXBuildFile; fileRef = 5FC96E99BA979E3E37472D3E1350E406 /* String+Utils.swift */; };
		A778571AD46BC806DF3656ABE59B5411 /* libPods-Eat Out-Eat OutUITests.a in Frameworks */ = {isa = PBXBuildFile; fileRef = D40A4B4BAAB3D5CF07953C187813FF77 /* libPods-Eat Out-Eat OutUITests.a */; };
		A9531DC08E59B51728A758DBA2D4C98C /* CacheService.swift in Sources */ = {isa = PBXBuildFile; fileRef = B64EEBEFEFF98E705EF1DBD332FC5B8E /* CacheService.swift */; };
		ACB0383C25D0E90702F7F496F0BB2E95 /* TestingService.swift in Sources */ = {isa = PBXBuildFile; fileRef = 4838325E06444BC6DB846EA1EE3F0E4C /* TestingService.swift */; };
		B8790326966503C6042E6446D0226694 /* Sorter.swift in Sources */ = {isa = PBXBuildFile; fileRef = 582421D4CB730E5003050E3BC5A28311 /* Sorter.swift */; };
		B8C0C33BA51F27288440DFC23FD31A2A /* CacheServiceTests.swift in Sources */ = {isa = PBXBuildFile; fileRef = 7A73FFCFCCE22999D44E314BCB282E90 /* CacheServiceTests.swift */; };
		D2DC9268270E4B339BF4F058E9C3EA0C /* StatusView.swift in Sources */ = {isa = PBXBuildFile; fileRef = 535C19BCA04B3670B9AA7B8EDFF3F90D /* StatusView.swift */; };
		D688B9F34AFF54DD190859D4C612F6BD /* RestuarantStatus.swift in Sources */ = {isa = PBXBuildFile; fileRef = 918B97332AB5986D90C20ED35C580564 /* RestuarantStatus.swift */; };
		D8564CC9920E125CA2F9246CEB75F336 /* AppDelegate.swift in Sources */ = {isa = PBXBuildFile; fileRef = A0E67AD620FB19FB9D61B72699C249B6 /* AppDelegate.swift */; };
		DC181A412D0D5712D7238EE8A360CF80 /* CellBottomView.swift in Sources */ = {isa = PBXBuildFile; fileRef = CCE72189A0C62EBD5BBD1D8DCAB971F0 /* CellBottomView.swift */; };
		DCA716170D5B2B229985B8C8DC3C011D /* CostLevelTests.swift in Sources */ = {isa = PBXBuildFile; fileRef = 0CB50170240B03B20C49CFBBE08585F1 /* CostLevelTests.swift */; };
		DD57DD09A68E5909B60740E54E7EC004 /* NSMutableAttributedString+Utils.swift in Sources */ = {isa = PBXBuildFile; fileRef = C355AC66DB52A9D9625A3B8069813BD5 /* NSMutableAttributedString+Utils.swift */; };
		DFA8D6F0F8D4A342FD52F473C770BD30 /* RestuarantMeta.swift in Sources */ = {isa = PBXBuildFile; fileRef = 920F252272F0DB1D47E3DF0EB625F85C /* RestuarantMeta.swift */; };
		E37A726CA616CC2C379EDE4E46284EB4 /* CostLevel.swift in Sources */ = {isa = PBXBuildFile; fileRef = 9C6909165410FC4209289F888245001E /* CostLevel.swift */; };
		EED6A17E15DD8E5E9B72E63EF74024A8 /* HomeViewControllerSnapshotTests.swift in Sources */ = {isa = PBXBuildFile; fileRef = 90F7FB96393F112F15022D271DA7B20C /* HomeViewControllerSnapshotTests.swift */; };
		F1E42CA4D98DCB7EF8456E14BB4E22F4 /* ImageTextLabel.swift in Sources */ = {isa = PBXBuildFile; fileRef = FEF6701F88741D6118AB7F7D38EAA5AE /* ImageTextLabel.swift */; };
		F285B9B4F28744F5B02C997EB90671C7 /* Sorter.swift in Sources */ = {isa = PBXBuildFile; fileRef = 582421D4CB730E5003050E3BC5A28311 /* Sorter.swift */; };
		F3F14F50E3E3D0FA677E6F7322374C28 /* TestIdentifiers.swift in Sources */ = {isa = PBXBuildFile; fileRef = BED5009EE457BEC1B20C0E2C3B90F494 /* TestIdentifiers.swift */; };
		FAC429B0E6C4CA01CCEB802E706515C1 /* UIImage+Utils.swift in Sources */ = {isa = PBXBuildFile; fileRef = 4146BA5C7D23E8675340816B69D4D7FB /* UIImage+Utils.swift */; };
		FC5CA1DDCF25DF20439B43BB4234CBE1 /* HomeCollectionViewCell.swift in Sources */ = {isa = PBXBuildFile; fileRef = 395A0A4436638030E6D6D86778EFCF54 /* HomeCollectionViewCell.swift */; };
/* End PBXBuildFile section */

/* Begin PBXContainerItemProxy section */
		D8887E4154475CA9C646E47A6272DBF5 /* PBXContainerItemProxy */ = {
			isa = PBXContainerItemProxy;
			containerPortal = 2C10DEFDE477E4BB7954235BF33B5DFB /* Project object */;
			proxyType = 1;
			remoteGlobalIDString = 4F1D848F33039D5AD101C4EE4A303C2C;
			remoteInfo = "Eat Out";
		};
		D49E1BA854876F37FF62BD6EF85ADF94 /* PBXContainerItemProxy */ = {
			isa = PBXContainerItemProxy;
			containerPortal = 2C10DEFDE477E4BB7954235BF33B5DFB /* Project object */;
			proxyType = 1;
			remoteGlobalIDString = 4F1D848F33039D5AD101C4EE4A303C2C;
			remoteInfo = "Eat Out";
		};
/* End PBXContainerItemProxy section */

/* Begin PBXFileReference section */
		01495CC2D9430A00C61E6D3197CA2B5A /* SceneDelegate.swift */ = {isa = PBXFileReference; lastKnownFileType = sourcecode.swift; path = SceneDelegate.swift; sourceTree = "<group>"; };
		035260A7A0AF11664E29DA6D38AC3EC2 /* UIViewController+Utils.swift */ = {isa = PBXFileReference; lastKnownFileType = sourcecode.swift; path = "UIViewController+Utils.swift"; sourceTree = "<group>"; };
		0CB50170240B03B20C49CFBBE08585F1 /* CostLevelTests.swift */ = {isa = PBXFileReference; lastKnownFileType = sourcecode.swift; path = CostLevelTests.swift; sourceTree = "<group>"; };
		13FD659ABE3DF83FEAE9A3CB20E719F1 /* Info.plist */ = {isa = PBXFileReference; lastKnownFileType = text.plist.xml; path = Info.plist; sourceTree = "<group>"; };
		1A181E22D3850CE2F89DF8BBB5C0B73A /* SortView.swift */ = {isa = PBXFileReference; lastKnownFileType = sourcecode.swift; path = SortView.swift; sourceTree = "<group>"; };
		1B98F8EE04C1CC200913D230BDE923C5 /* Assets.xcassets */ = {isa = PBXFileReference; lastKnownFileType = folder.assetcatalog; path = Assets.xcassets; sourceTree = "<group>"; };
		1C0BD48B86248886748ED756873063CD /* CacheSpyDelegate.swift */ = {isa = PBXFileReference; lastKnownFileType = sourcecode.swift; path = CacheSpyDelegate.swift; sourceTree = "<group>"; };
		204859993A16ECC86FE602A1517F75E4 /* Pods-Eat Out-Eat OutUITests.debug.xcconfig */ = {isa = PBXFileReference; includeInIndex = 1; lastKnownFileType = text.xcconfig; name = "Pods-Eat Out-Eat OutUITests.debug.xcconfig"; path = "Target Support Files/Pods-Eat Out-Eat OutUITests/Pods-Eat Out-Eat OutUITests.debug.xcconfig"; sourceTree = "<group>"; };
		24404463BA398B917FE413E185B9965C /* Pods-Eat OutTests.release.xcconfig */ = {isa = PBXFileReference; includeInIndex = 1; lastKnownFileType = text.xcconfig; name = "Pods-Eat OutTests.release.xcconfig"; path = "Target Support Files/Pods-Eat OutTests/Pods-Eat OutTests.release.xcconfig"; sourceTree = "<group>"; };
		33E04F022BAE3D738EAD83DB04E14157 /* EOSnapshotTest.swift */ = {isa = PBXFileReference; lastKnownFileType = sourcecode.swift; path = EOSnapshotTest.swift; sourceTree = "<group>"; };
		37F619B559A34464D75DBF9FB92A1E21 /* iOS bad sample.json */ = {isa = PBXFileReference; lastKnownFileType = text.json; path = "iOS bad sample.json"; sourceTree = "<group>"; };
		395A0A4436638030E6D6D86778EFCF54 /* HomeCollectionViewCell.swift */ = {isa = PBXFileReference; lastKnownFileType = sourcecode.swift; path = HomeCollectionViewCell.swift; sourceTree = "<group>"; };
		4146BA5C7D23E8675340816B69D4D7FB /* UIImage+Utils.swift */ = {isa = PBXFileReference; lastKnownFileType = sourcecode.swift; path = "UIImage+Utils.swift"; sourceTree = "<group>"; };
		42F0EEC07AD9062506ABDA9382C60E83 /* RealmUpdateDelegate.swift */ = {isa = PBXFileReference; lastKnownFileType = sourcecode.swift; path = RealmUpdateDelegate.swift; sourceTree = "<group>"; };
		43E6C9024FB6280505C2F4FD1576E94E /* ImageName.swift */ = {isa = PBXFileReference; lastKnownFileType = sourcecode.swift; path = ImageName.swift; sourceTree = "<group>"; };
		4742308151B2FCF7075B66F01584B9D8 /* Info.plist */ = {isa = PBXFileReference; lastKnownFileType = text.plist.xml; path = Info.plist; sourceTree = "<group>"; };
		4838325E06444BC6DB846EA1EE3F0E4C /* TestingService.swift */ = {isa = PBXFileReference; lastKnownFileType = sourcecode.swift; path = TestingService.swift; sourceTree = "<group>"; };
		492995AE5E419DA43177D6AF0004CA8E /* Restuarant.swift */ = {isa = PBXFileReference; lastKnownFileType = sourcecode.swift; path = Restuarant.swift; sourceTree = "<group>"; };
		4FF3E8F6D6DA987D6C118B0CE41DC670 /* Eat OutUITests.xctest */ = {isa = PBXFileReference; explicitFileType = wrapper.cfbundle; includeInIndex = 0; path = "Eat OutUITests.xctest"; sourceTree = BUILT_PRODUCTS_DIR; };
		4FFFFBB017D97865AF78763102B2DED3 /* RealmService.swift */ = {isa = PBXFileReference; lastKnownFileType = sourcecode.swift; path = RealmService.swift; sourceTree = "<group>"; };
		535C19BCA04B3670B9AA7B8EDFF3F90D /* StatusView.swift */ = {isa = PBXFileReference; lastKnownFileType = sourcecode.swift; path = StatusView.swift; sourceTree = "<group>"; };
		55E883C87B28D2C0135EF69A940EECBA /* libPods-Eat OutTests.a */ = {isa = PBXFileReference; explicitFileType = archive.ar; includeInIndex = 0; path = "libPods-Eat OutTests.a"; sourceTree = BUILT_PRODUCTS_DIR; };
		560B1A043DC15EF631A59DC35CBAB2D4 /* HomeViewModel.swift */ = {isa = PBXFileReference; lastKnownFileType = sourcecode.swift; path = HomeViewModel.swift; sourceTree = "<group>"; };
		582421D4CB730E5003050E3BC5A28311 /* Sorter.swift */ = {isa = PBXFileReference; lastKnownFileType = sourcecode.swift; path = Sorter.swift; sourceTree = "<group>"; };
		5BC7B33F75AD1B6992094D0F5262E03E /* Eat_OutUITests.swift */ = {isa = PBXFileReference; lastKnownFileType = sourcecode.swift; path = Eat_OutUITests.swift; sourceTree = "<group>"; };
		5FC59498166716F19DD9235D381FC11C /* Info.plist */ = {isa = PBXFileReference; lastKnownFileType = text.plist.xml; path = Info.plist; sourceTree = "<group>"; };
		5FC96E99BA979E3E37472D3E1350E406 /* String+Utils.swift */ = {isa = PBXFileReference; lastKnownFileType = sourcecode.swift; path = "String+Utils.swift"; sourceTree = "<group>"; };
		68FD6D41388BD5106D1A1EC19CD62367 /* HomeViewModelTests.swift */ = {isa = PBXFileReference; lastKnownFileType = sourcecode.swift; path = HomeViewModelTests.swift; sourceTree = "<group>"; };
		699A9C08669847901D447A2E8EBFDAB9 /* JsonServiceTests.swift */ = {isa = PBXFileReference; lastKnownFileType = sourcecode.swift; path = JsonServiceTests.swift; sourceTree = "<group>"; };
		74EB6EC01CF0FDB8B9E00A7E8021051D /* Eat Out.app */ = {isa = PBXFileReference; explicitFileType = wrapper.application; includeInIndex = 0; path = "Eat Out.app"; sourceTree = BUILT_PRODUCTS_DIR; };
		79ECE370A42585D1D609A0666BE9B3C0 /* Pods-Eat Out-Eat OutUITests.release.xcconfig */ = {isa = PBXFileReference; includeInIndex = 1; lastKnownFileType = text.xcconfig; name = "Pods-Eat Out-Eat OutUITests.release.xcconfig"; path = "Target Support Files/Pods-Eat Out-Eat OutUITests/Pods-Eat Out-Eat OutUITests.release.xcconfig"; sourceTree = "<group>"; };
		7A73FFCFCCE22999D44E314BCB282E90 /* CacheServiceTests.swift */ = {isa = PBXFileReference; lastKnownFileType = sourcecode.swift; path = CacheServiceTests.swift; sourceTree = "<group>"; };
		7A9C5458A297F0D86D70A1AEBCCF53D6 /* RestuarantStatusTests.swift */ = {isa = PBXFileReference; lastKnownFileType = sourcecode.swift; path = RestuarantStatusTests.swift; sourceTree = "<group>"; };
		804C0F990D229EDB7E1D9292272BCE75 /* Pods-Eat Out.release.xcconfig */ = {isa = PBXFileReference; includeInIndex = 1; lastKnownFileType = text.xcconfig; name = "Pods-Eat Out.release.xcconfig"; path = "Target Support Files/Pods-Eat Out/Pods-Eat Out.release.xcconfig"; sourceTree = "<group>"; };
		81359833C02AAF22737408D65D54A9F2 /* readme.md */ = {isa = PBXFileReference; fileEncoding = 4; lastKnownFileType = net.daringfireball.markdown; path = readme.md; sourceTree = SOURCE_ROOT; };
		85901FDD9B3F8A5A667836808F39DE0D /* libPods-Eat Out.a */ = {isa = PBXFileReference; explicitFileType = archive.ar; includeInIndex = 0; path = "libPods-Eat Out.a"; sourceTree = BUILT_PRODUCTS_DIR; };
		890C0431AF023EBCF1D1D94F5CE8D28F /* HomeViewController.swift */ = {isa = PBXFileReference; lastKnownFileType = sourcecode.swift; path = HomeViewController.swift; sourceTree = "<group>"; };
		8C829B1605626229AA8C101DE6D82953 /* SortViewModel.swift */ = {isa = PBXFileReference; lastKnownFileType = sourcecode.swift; path = SortViewModel.swift; sourceTree = "<group>"; };
		8E72A649FBE0713F447EBB6639FF1E0E /* iOS sample.json */ = {isa = PBXFileReference; fileEncoding = 4; lastKnownFileType = text.json; path = "iOS sample.json"; sourceTree = "<group>"; };
		90F7FB96393F112F15022D271DA7B20C /* HomeViewControllerSnapshotTests.swift */ = {isa = PBXFileReference; lastKnownFileType = sourcecode.swift; path = HomeViewControllerSnapshotTests.swift; sourceTree = "<group>"; };
		918B97332AB5986D90C20ED35C580564 /* RestuarantStatus.swift */ = {isa = PBXFileReference; lastKnownFileType = sourcecode.swift; path = RestuarantStatus.swift; sourceTree = "<group>"; };
		920F252272F0DB1D47E3DF0EB625F85C /* RestuarantMeta.swift */ = {isa = PBXFileReference; lastKnownFileType = sourcecode.swift; path = RestuarantMeta.swift; sourceTree = "<group>"; };
		93E9E48DE1B4241F9B22F05AEBC37B87 /* SorterTests.swift */ = {isa = PBXFileReference; lastKnownFileType = sourcecode.swift; path = SorterTests.swift; sourceTree = "<group>"; };
		9468F711F382636E358C68254C548C89 /* RestuarantTests.swift */ = {isa = PBXFileReference; lastKnownFileType = sourcecode.swift; path = RestuarantTests.swift; sourceTree = "<group>"; };
		994E49124795648E887FB3E6D1257EB4 /* JsonService.swift */ = {isa = PBXFileReference; lastKnownFileType = sourcecode.swift; path = JsonService.swift; sourceTree = "<group>"; };
		9C6909165410FC4209289F888245001E /* CostLevel.swift */ = {isa = PBXFileReference; lastKnownFileType = sourcecode.swift; path = CostLevel.swift; sourceTree = "<group>"; };
		9E1A2534F82B17A6CBCDBD5773E26496 /* UIView+Utils.swift */ = {isa = PBXFileReference; lastKnownFileType = sourcecode.swift; path = "UIView+Utils.swift"; sourceTree = "<group>"; };
		A0E67AD620FB19FB9D61B72699C249B6 /* AppDelegate.swift */ = {isa = PBXFileReference; lastKnownFileType = sourcecode.swift; path = AppDelegate.swift; sourceTree = "<group>"; };
		A2CEE4A74469283A51EE0C587E15B6A6 /* TestHomeViewModel.swift */ = {isa = PBXFileReference; lastKnownFileType = sourcecode.swift; path = TestHomeViewModel.swift; sourceTree = "<group>"; };
		A39018036D6DFD57D0FFF15EA96DB894 /* CALayer+Utils.swift */ = {isa = PBXFileReference; lastKnownFileType = sourcecode.swift; path = "CALayer+Utils.swift"; sourceTree = "<group>"; };
		A933515ACADE3E0681AF628FF3026FC4 /* UIColor+Utils.swift */ = {isa = PBXFileReference; lastKnownFileType = sourcecode.swift; path = "UIColor+Utils.swift"; sourceTree = "<group>"; };
		B0FDAEC3C0DA822E34F320CC9F32F80D /* SortCell.swift */ = {isa = PBXFileReference; lastKnownFileType = sourcecode.swift; path = SortCell.swift; sourceTree = "<group>"; };
		B64EEBEFEFF98E705EF1DBD332FC5B8E /* CacheService.swift */ = {isa = PBXFileReference; lastKnownFileType = sourcecode.swift; path = CacheService.swift; sourceTree = "<group>"; };
		BCA12D637B73F532EED7B6CC58E983D2 /* TestCacheSerive.swift */ = {isa = PBXFileReference; lastKnownFileType = sourcecode.swift; path = TestCacheSerive.swift; sourceTree = "<group>"; };
		BED5009EE457BEC1B20C0E2C3B90F494 /* TestIdentifiers.swift */ = {isa = PBXFileReference; lastKnownFileType = sourcecode.swift; path = TestIdentifiers.swift; sourceTree = "<group>"; };
		C291B3A6B5781C6C04AB88A568020E0E /* RealmServiceTests.swift */ = {isa = PBXFileReference; lastKnownFileType = sourcecode.swift; path = RealmServiceTests.swift; sourceTree = "<group>"; };
		C355AC66DB52A9D9625A3B8069813BD5 /* NSMutableAttributedString+Utils.swift */ = {isa = PBXFileReference; lastKnownFileType = sourcecode.swift; path = "NSMutableAttributedString+Utils.swift"; sourceTree = "<group>"; };
		C8EE737B30541065DEEE9CFB4AF44216 /* Base */ = {isa = PBXFileReference; lastKnownFileType = file.storyboard; name = Base; path = Base.lproj/LaunchScreen.storyboard; sourceTree = "<group>"; };
		CCE72189A0C62EBD5BBD1D8DCAB971F0 /* CellBottomView.swift */ = {isa = PBXFileReference; lastKnownFileType = sourcecode.swift; path = CellBottomView.swift; sourceTree = "<group>"; };
		D2FC2DF2E752B07F949D39906ECA602C /* Pods-Eat OutTests.debug.xcconfig */ = {isa = PBXFileReference; includeInIndex = 1; lastKnownFileType = text.xcconfig; name = "Pods-Eat OutTests.debug.xcconfig"; path = "Target Support Files/Pods-Eat OutTests/Pods-Eat OutTests.debug.xcconfig"; sourceTree = "<group>"; };
		D40A4B4BAAB3D5CF07953C187813FF77 /* libPods-Eat Out-Eat OutUITests.a */ = {isa = PBXFileReference; explicitFileType = archive.ar; includeInIndex = 0; path = "libPods-Eat Out-Eat OutUITests.a"; sourceTree = BUILT_PRODUCTS_DIR; };
		E23F9B85113A3D197E577E9FD8D59003 /* Pods-Eat Out.debug.xcconfig */ = {isa = PBXFileReference; includeInIndex = 1; lastKnownFileType = text.xcconfig; name = "Pods-Eat Out.debug.xcconfig"; path = "Target Support Files/Pods-Eat Out/Pods-Eat Out.debug.xcconfig"; sourceTree = "<group>"; };
		E28D1B23A62D33247EEE2E3FFFC48310 /* UIStackView+Utils.swift */ = {isa = PBXFileReference; lastKnownFileType = sourcecode.swift; path = "UIStackView+Utils.swift"; sourceTree = "<group>"; };
		E73AE784650DBFE1F7DA37E9F1834F78 /* Eat OutTests.xctest */ = {isa = PBXFileReference; explicitFileType = wrapper.cfbundle; includeInIndex = 0; path = "Eat OutTests.xctest"; sourceTree = BUILT_PRODUCTS_DIR; };
		EF19F71C4CC9C02A6E900292D6E4A497 /* AppCoordinator.swift */ = {isa = PBXFileReference; lastKnownFileType = sourcecode.swift; path = AppCoordinator.swift; sourceTree = "<group>"; };
		FEF6701F88741D6118AB7F7D38EAA5AE /* ImageTextLabel.swift */ = {isa = PBXFileReference; lastKnownFileType = sourcecode.swift; path = ImageTextLabel.swift; sourceTree = "<group>"; };
/* End PBXFileReference section */

/* Begin PBXFrameworksBuildPhase section */
		DC8BAE81D28BFB5ECE07C1E9C56E3EE0 /* Frameworks */ = {
			isa = PBXFrameworksBuildPhase;
			buildActionMask = 2147483647;
			files = (
				04466685A228285A55BF1037B5535027 /* libPods-Eat Out.a in Frameworks */,
			);
			runOnlyForDeploymentPostprocessing = 0;
		};
		02D355A7C735F813EC15DE55EE8FBBC2 /* Frameworks */ = {
			isa = PBXFrameworksBuildPhase;
			buildActionMask = 2147483647;
			files = (
				A1A185AE85BAE0A5C77F9462956BF889 /* libPods-Eat OutTests.a in Frameworks */,
			);
			runOnlyForDeploymentPostprocessing = 0;
		};
		1D019EC18E5D2CD3EF23DC3A42ECD9AA /* Frameworks */ = {
			isa = PBXFrameworksBuildPhase;
			buildActionMask = 2147483647;
			files = (
				A778571AD46BC806DF3656ABE59B5411 /* libPods-Eat Out-Eat OutUITests.a in Frameworks */,
			);
			runOnlyForDeploymentPostprocessing = 0;
		};
/* End PBXFrameworksBuildPhase section */

/* Begin PBXGroup section */
		EBACC9BBCF66D252BA2C6DB28B773569 /* TestClasses */ = {
			isa = PBXGroup;
			children = (
				1C0BD48B86248886748ED756873063CD /* CacheSpyDelegate.swift */,
				BCA12D637B73F532EED7B6CC58E983D2 /* TestCacheSerive.swift */,
				A2CEE4A74469283A51EE0C587E15B6A6 /* TestHomeViewModel.swift */,
			);
			path = TestClasses;
			sourceTree = "<group>";
		};
		9DB4E22C7047E8B678388B995B7761D4 /* Services */ = {
			isa = PBXGroup;
			children = (
				7A73FFCFCCE22999D44E314BCB282E90 /* CacheServiceTests.swift */,
				699A9C08669847901D447A2E8EBFDAB9 /* JsonServiceTests.swift */,
				C291B3A6B5781C6C04AB88A568020E0E /* RealmServiceTests.swift */,
			);
			path = Services;
			sourceTree = "<group>";
		};
		D85AADF0CAD986A623E2C0684FF7E46B /* Models */ = {
			isa = PBXGroup;
			children = (
				0CB50170240B03B20C49CFBBE08585F1 /* CostLevelTests.swift */,
				7A9C5458A297F0D86D70A1AEBCCF53D6 /* RestuarantStatusTests.swift */,
				9468F711F382636E358C68254C548C89 /* RestuarantTests.swift */,
				93E9E48DE1B4241F9B22F05AEBC37B87 /* SorterTests.swift */,
			);
			path = Models;
			sourceTree = "<group>";
		};
		1EBCBF3ADCEE5C897EF64D3FA2334EE9 /* ViewModel */ = {
			isa = PBXGroup;
			children = (
				68FD6D41388BD5106D1A1EC19CD62367 /* HomeViewModelTests.swift */,
			);
			path = ViewModel;
			sourceTree = "<group>";
		};
		61CDFA5863A64377DF49E1F6E12C9193 /* Supporting Files */ = {
			isa = PBXGroup;
			children = (
				1B98F8EE04C1CC200913D230BDE923C5 /* Assets.xcassets */,
				4742308151B2FCF7075B66F01584B9D8 /* Info.plist */,
				8C83ED884593193682A9567EAD4B35E1 /* LaunchScreen.storyboard */,
				4838325E06444BC6DB846EA1EE3F0E4C /* TestingService.swift */,
				37F619B559A34464D75DBF9FB92A1E21 /* iOS bad sample.json */,
				8E72A649FBE0713F447EBB6639FF1E0E /* iOS sample.json */,
			);
			path = "Supporting Files";
			sourceTree = "<group>";
		};
		0158A65043D7FB77942F0787A7A12AB6 /* Modules */ = {
			isa = PBXGroup;
			children = (
				8B4DF0CD5FBA11A9A626CBF2CF2838F1 /* Home */,
			);
			path = Modules;
			sourceTree = "<group>";
		};
		8B4DF0CD5FBA11A9A626CBF2CF2838F1 /* Home */ = {
			isa = PBXGroup;
			children = (
				7E3FD3E5D6B2A90A3A351D4AC958E60B /* Components */,
				890C0431AF023EBCF1D1D94F5CE8D28F /* HomeViewController.swift */,
				560B1A043DC15EF631A59DC35CBAB2D4 /* HomeViewModel.swift */,
			);
			path = Home;
			sourceTree = "<group>";
		};
		E75FB5250BE238203CC0CCD6A7660773 /* Model */ = {
			isa = PBXGroup;
			children = (
				9C6909165410FC4209289F888245001E /* CostLevel.swift */,
				492995AE5E419DA43177D6AF0004CA8E /* Restuarant.swift */,
				920F252272F0DB1D47E3DF0EB625F85C /* RestuarantMeta.swift */,
				918B97332AB5986D90C20ED35C580564 /* RestuarantStatus.swift */,
				582421D4CB730E5003050E3BC5A28311 /* Sorter.swift */,
			);
			path = Model;
			sourceTree = "<group>";
		};
		49F1B35421C0D04BB2591158B2D7BF39 /* Services */ = {
			isa = PBXGroup;
			children = (
				B64EEBEFEFF98E705EF1DBD332FC5B8E /* CacheService.swift */,
				994E49124795648E887FB3E6D1257EB4 /* JsonService.swift */,
				4FFFFBB017D97865AF78763102B2DED3 /* RealmService.swift */,
			);
			path = Services;
			sourceTree = "<group>";
		};
		4B749063F21815EDA1439DCB9D983D6A /* Protocol */ = {
			isa = PBXGroup;
			children = (
				42F0EEC07AD9062506ABDA9382C60E83 /* RealmUpdateDelegate.swift */,
			);
			path = Protocol;
			sourceTree = "<group>";
		};
		5A1BFBE75357656DF05CAB3340B12DEB /* Constants */ = {
			isa = PBXGroup;
			children = (
				43E6C9024FB6280505C2F4FD1576E94E /* ImageName.swift */,
				BED5009EE457BEC1B20C0E2C3B90F494 /* TestIdentifiers.swift */,
			);
			path = Constants;
			sourceTree = "<group>";
		};
		F494E6C0ED03497AD9C9FE1DAC269690 /* Extensions */ = {
			isa = PBXGroup;
			children = (
				A39018036D6DFD57D0FFF15EA96DB894 /* CALayer+Utils.swift */,
				C355AC66DB52A9D9625A3B8069813BD5 /* NSMutableAttributedString+Utils.swift */,
				5FC96E99BA979E3E37472D3E1350E406 /* String+Utils.swift */,
				A933515ACADE3E0681AF628FF3026FC4 /* UIColor+Utils.swift */,
				4146BA5C7D23E8675340816B69D4D7FB /* UIImage+Utils.swift */,
				E28D1B23A62D33247EEE2E3FFFC48310 /* UIStackView+Utils.swift */,
				9E1A2534F82B17A6CBCDBD5773E26496 /* UIView+Utils.swift */,
				035260A7A0AF11664E29DA6D38AC3EC2 /* UIViewController+Utils.swift */,
			);
			path = Extensions;
			sourceTree = "<group>";
		};
		7E3FD3E5D6B2A90A3A351D4AC958E60B /* Components */ = {
			isa = PBXGroup;
			children = (
				D09207A45E3FA3D0C5FC3D562036E7AD /* SortCollectionView */,
				CCE72189A0C62EBD5BBD1D8DCAB971F0 /* CellBottomView.swift */,
				395A0A4436638030E6D6D86778EFCF54 /* HomeCollectionViewCell.swift */,
				FEF6701F88741D6118AB7F7D38EAA5AE /* ImageTextLabel.swift */,
				535C19BCA04B3670B9AA7B8EDFF3F90D /* StatusView.swift */,
			);
			path = Components;
			sourceTree = "<group>";
		};
		D09207A45E3FA3D0C5FC3D562036E7AD /* SortCollectionView */ = {
			isa = PBXGroup;
			children = (
				B0FDAEC3C0DA822E34F320CC9F32F80D /* SortCell.swift */,
				1A181E22D3850CE2F89DF8BBB5C0B73A /* SortView.swift */,
				8C829B1605626229AA8C101DE6D82953 /* SortViewModel.swift */,
			);
			path = SortCollectionView;
			sourceTree = "<group>";
		};
		2DF2F1A932E14763F49469FAF11BB620 /* SnapshotTests */ = {
			isa = PBXGroup;
			children = (
				33E04F022BAE3D738EAD83DB04E14157 /* EOSnapshotTest.swift */,
				90F7FB96393F112F15022D271DA7B20C /* HomeViewControllerSnapshotTests.swift */,
			);
			path = SnapshotTests;
			sourceTree = "<group>";
		};
		3BAAD0EB2C4E0A951EA322E5AE62AC86 = {
			isa = PBXGroup;
			children = (
				CF261B1A066F753F91CD68788BA49A17 /* Eat Out */,
				7118F91B8CF60B092FFF061F41CCAF3E /* Eat OutTests */,
				D83AB40CE8F4E36AD8DBFB1DE2237312 /* Eat OutUITests */,
				6031C47159FD135133A13E17191BFA99 /* Frameworks */,
				697F0128B4FE4E5D16F7D89399BE6F3C /* Pods */,
				EAE96E93DDFABCCE74BA2903DF6A10F2 /* Products */,
			);
			sourceTree = "<group>";
		};
		EAE96E93DDFABCCE74BA2903DF6A10F2 /* Products */ = {
			isa = PBXGroup;
			children = (
				74EB6EC01CF0FDB8B9E00A7E8021051D /* Eat Out.app */,
				E73AE784650DBFE1F7DA37E9F1834F78 /* Eat OutTests.xctest */,
				4FF3E8F6D6DA987D6C118B0CE41DC670 /* Eat OutUITests.xctest */,
			);
			name = Products;
			sourceTree = "<group>";
		};
		CF261B1A066F753F91CD68788BA49A17 /* Eat Out */ = {
			isa = PBXGroup;
			children = (
				5A1BFBE75357656DF05CAB3340B12DEB /* Constants */,
				F494E6C0ED03497AD9C9FE1DAC269690 /* Extensions */,
				E75FB5250BE238203CC0CCD6A7660773 /* Model */,
				0158A65043D7FB77942F0787A7A12AB6 /* Modules */,
				4B749063F21815EDA1439DCB9D983D6A /* Protocol */,
				49F1B35421C0D04BB2591158B2D7BF39 /* Services */,
				61CDFA5863A64377DF49E1F6E12C9193 /* Supporting Files */,
				EF19F71C4CC9C02A6E900292D6E4A497 /* AppCoordinator.swift */,
				A0E67AD620FB19FB9D61B72699C249B6 /* AppDelegate.swift */,
				01495CC2D9430A00C61E6D3197CA2B5A /* SceneDelegate.swift */,
				81359833C02AAF22737408D65D54A9F2 /* readme.md */,
			);
			path = "Eat Out";
			sourceTree = "<group>";
		};
		7118F91B8CF60B092FFF061F41CCAF3E /* Eat OutTests */ = {
			isa = PBXGroup;
			children = (
				D85AADF0CAD986A623E2C0684FF7E46B /* Models */,
				9DB4E22C7047E8B678388B995B7761D4 /* Services */,
				2DF2F1A932E14763F49469FAF11BB620 /* SnapshotTests */,
				EBACC9BBCF66D252BA2C6DB28B773569 /* TestClasses */,
				1EBCBF3ADCEE5C897EF64D3FA2334EE9 /* ViewModel */,
				13FD659ABE3DF83FEAE9A3CB20E719F1 /* Info.plist */,
			);
			path = "Eat OutTests";
			sourceTree = "<group>";
		};
		D83AB40CE8F4E36AD8DBFB1DE2237312 /* Eat OutUITests */ = {
			isa = PBXGroup;
			children = (
				5BC7B33F75AD1B6992094D0F5262E03E /* Eat_OutUITests.swift */,
				5FC59498166716F19DD9235D381FC11C /* Info.plist */,
			);
			path = "Eat OutUITests";
			sourceTree = "<group>";
		};
		6031C47159FD135133A13E17191BFA99 /* Frameworks */ = {
			isa = PBXGroup;
			children = (
				D40A4B4BAAB3D5CF07953C187813FF77 /* libPods-Eat Out-Eat OutUITests.a */,
				85901FDD9B3F8A5A667836808F39DE0D /* libPods-Eat Out.a */,
				55E883C87B28D2C0135EF69A940EECBA /* libPods-Eat OutTests.a */,
			);
			name = Frameworks;
			sourceTree = "<group>";
		};
		697F0128B4FE4E5D16F7D89399BE6F3C /* Pods */ = {
			isa = PBXGroup;
			children = (
				204859993A16ECC86FE602A1517F75E4 /* Pods-Eat Out-Eat OutUITests.debug.xcconfig */,
				79ECE370A42585D1D609A0666BE9B3C0 /* Pods-Eat Out-Eat OutUITests.release.xcconfig */,
				E23F9B85113A3D197E577E9FD8D59003 /* Pods-Eat Out.debug.xcconfig */,
				804C0F990D229EDB7E1D9292272BCE75 /* Pods-Eat Out.release.xcconfig */,
				D2FC2DF2E752B07F949D39906ECA602C /* Pods-Eat OutTests.debug.xcconfig */,
				24404463BA398B917FE413E185B9965C /* Pods-Eat OutTests.release.xcconfig */,
			);
			path = Pods;
			sourceTree = "<group>";
		};
/* End PBXGroup section */

/* Begin PBXNativeTarget section */
		4F1D848F33039D5AD101C4EE4A303C2C /* Eat Out */ = {
			isa = PBXNativeTarget;
			buildConfigurationList = 4845CCF19B90140FECE0A5C3D8CAA7F4 /* Build configuration list for PBXNativeTarget "Eat Out" */;
			buildPhases = (
				52AAB18FCB63D7CD9DCDE07FFA2D5FFD /* [CP] Check Pods Manifest.lock */,
				BAB69519C5F58E2FE84E06EC4167E7A5 /* Sources */,
				DC8BAE81D28BFB5ECE07C1E9C56E3EE0 /* Frameworks */,
				8987F04E29BFF32C77E0CD0941552A80 /* Resources */,
				CCDABBE03493486E6C961CF7D353A5B5 /* Run SwiftLint */,
			);
			buildRules = (
			);
			dependencies = (
			);
			name = "Eat Out";
			productName = "Eat Out";
			productReference = 74EB6EC01CF0FDB8B9E00A7E8021051D /* Eat Out.app */;
			productType = "com.apple.product-type.application";
		};
		87F538F265254E465F77D67D6A7D61A1 /* Eat OutTests */ = {
			isa = PBXNativeTarget;
			buildConfigurationList = 901659788405E56EE997798FA20B7DED /* Build configuration list for PBXNativeTarget "Eat OutTests" */;
			buildPhases = (
				0BFEBE667B08E1FB09A18A08276BF17C /* [CP] Check Pods Manifest.lock */,
				25AF24BC96D2EC437F8B1DC99CDFD01C /* Sources */,
				02D355A7C735F813EC15DE55EE8FBBC2 /* Frameworks */,
				1D3EE7F6EC39604AC69F12DCE0765F18 /* Resources */,
			);
			buildRules = (
			);
			dependencies = (
				8B00BDE64C50BDD970B2243D8699BF61 /* PBXTargetDependency */,
			);
			name = "Eat OutTests";
			productName = "Eat OutTests";
			productReference = E73AE784650DBFE1F7DA37E9F1834F78 /* Eat OutTests.xctest */;
			productType = "com.apple.product-type.bundle.unit-test";
		};
		AB89A5CFAD0872AF48F5294E16D503A8 /* Eat OutUITests */ = {
			isa = PBXNativeTarget;
			buildConfigurationList = 962AF95B11E85890436692006C6FB4C7 /* Build configuration list for PBXNativeTarget "Eat OutUITests" */;
			buildPhases = (
				4314375E7CAAA0FB5E20B490D4E55898 /* [CP] Check Pods Manifest.lock */,
				59EA8095D7516DAAF4C79C6D69D97769 /* Sources */,
				1D019EC18E5D2CD3EF23DC3A42ECD9AA /* Frameworks */,
				85F9F040A86E3E02582DBD3871369099 /* Resources */,
			);
			buildRules = (
			);
			dependencies = (
				54482E86913AC3E62A872AB79B29C880 /* PBXTargetDependency */,
			);
			name = "Eat OutUITests";
			productName = "Eat OutUITests";
			productReference = 4FF3E8F6D6DA987D6C118B0CE41DC670 /* Eat OutUITests.xctest */;
			productType = "com.apple.product-type.bundle.ui-testing";
		};
/* End PBXNativeTarget section */

/* Begin PBXProject section */
		2C10DEFDE477E4BB7954235BF33B5DFB /* Project object */ = {
			isa = PBXProject;
			attributes = {
				LastSwiftUpdateCheck = 1230;
				LastUpgradeCheck = 1230;
				TargetAttributes = {
					4F1D848F33039D5AD101C4EE4A303C2C = {
						CreatedOnToolsVersion = 12.3;
					};
					87F538F265254E465F77D67D6A7D61A1 = {
						CreatedOnToolsVersion = 12.3;
						TestTargetID = 4F1D848F33039D5AD101C4EE4A303C2C;
					};
					AB89A5CFAD0872AF48F5294E16D503A8 = {
						CreatedOnToolsVersion = 12.3;
						TestTargetID = 4F1D848F33039D5AD101C4EE4A303C2C;
					};
				};
			};
			buildConfigurationList = 7E5C63891360CEF53B7E2E14C0C942C8 /* Build configuration list for PBXProject "Eat Out" */;
			compatibilityVersion = "Xcode 9.3";
			developmentRegion = en;
			hasScannedForEncodings = 0;
			knownRegions = (
				en,
				Base,
			);
			mainGroup = 3BAAD0EB2C4E0A951EA322E5AE62AC86;
			productRefGroup = EAE96E93DDFABCCE74BA2903DF6A10F2 /* Products */;
			projectDirPath = "";
			projectRoot = "";
			targets = (
				4F1D848F33039D5AD101C4EE4A303C2C /* Eat Out */,
				87F538F265254E465F77D67D6A7D61A1 /* Eat OutTests */,
				AB89A5CFAD0872AF48F5294E16D503A8 /* Eat OutUITests */,
			);
		};
/* End PBXProject section */

/* Begin PBXResourcesBuildPhase section */
		8987F04E29BFF32C77E0CD0941552A80 /* Resources */ = {
			isa = PBXResourcesBuildPhase;
			buildActionMask = 2147483647;
			files = (
				783E11190B0D0D0BE5BA1974E2B7DECF /* Assets.xcassets in Resources */,
				67871696E04C3888567D352B7A34B849 /* LaunchScreen.storyboard in Resources */,
				002FADCA8602972C092B777963AB0C70 /* iOS sample.json in Resources */,
				9B518A00976A3D531E31B0AD422BA3BE /* readme.md in Resources */,
			);
			runOnlyForDeploymentPostprocessing = 0;
		};
		1D3EE7F6EC39604AC69F12DCE0765F18 /* Resources */ = {
			isa = PBXResourcesBuildPhase;
			buildActionMask = 2147483647;
			files = (
			);
			runOnlyForDeploymentPostprocessing = 0;
		};
		85F9F040A86E3E02582DBD3871369099 /* Resources */ = {
			isa = PBXResourcesBuildPhase;
			buildActionMask = 2147483647;
			files = (
			);
			runOnlyForDeploymentPostprocessing = 0;
		};
/* End PBXResourcesBuildPhase section */

/* Begin PBXShellScriptBuildPhase section */
		CCDABBE03493486E6C961CF7D353A5B5 /* Run SwiftLint */ = {
			isa = PBXShellScriptBuildPhase;
			buildActionMask = 2147483647;
			files = (
			);
			inputFileListPaths = (
			);
			inputPaths = (
			);
			name = "Run SwiftLint";
			outputFileListPaths = (
			);
			outputPaths = (
			);
			runOnlyForDeploymentPostprocessing = 0;
			shellPath = /bin/sh;
			shellScript = "\"${PODS_ROOT}/SwiftLint/swiftlint\"\n";
		};
		0BFEBE667B08E1FB09A18A08276BF17C /* [CP] Check Pods Manifest.lock */ = {
			isa = PBXShellScriptBuildPhase;
			buildActionMask = 2147483647;
			files = (
			);
			inputFileListPaths = (
			);
			inputPaths = (
				"${PODS_PODFILE_DIR_PATH}/Podfile.lock",
				"${PODS_ROOT}/Manifest.lock",
			);
			name = "[CP] Check Pods Manifest.lock";
			outputFileListPaths = (
			);
			outputPaths = (
				"$(DERIVED_FILE_DIR)/Pods-Eat OutTests-checkManifestLockResult.txt",
			);
			runOnlyForDeploymentPostprocessing = 0;
			shellPath = /bin/sh;
			shellScript = "diff \"${PODS_PODFILE_DIR_PATH}/Podfile.lock\" \"${PODS_ROOT}/Manifest.lock\" > /dev/null\nif [ $? != 0 ] ; then\n    # print error to STDERR\n    echo \"error: The sandbox is not in sync with the Podfile.lock. Run 'pod install' or update your CocoaPods installation.\" >&2\n    exit 1\nfi\n# This output is used by Xcode 'outputs' to avoid re-running this script phase.\necho \"SUCCESS\" > \"${SCRIPT_OUTPUT_FILE_0}\"\n";
			showEnvVarsInLog = 0;
		};
		4314375E7CAAA0FB5E20B490D4E55898 /* [CP] Check Pods Manifest.lock */ = {
			isa = PBXShellScriptBuildPhase;
			buildActionMask = 2147483647;
			files = (
			);
			inputFileListPaths = (
			);
			inputPaths = (
				"${PODS_PODFILE_DIR_PATH}/Podfile.lock",
				"${PODS_ROOT}/Manifest.lock",
			);
			name = "[CP] Check Pods Manifest.lock";
			outputFileListPaths = (
			);
			outputPaths = (
				"$(DERIVED_FILE_DIR)/Pods-Eat Out-Eat OutUITests-checkManifestLockResult.txt",
			);
			runOnlyForDeploymentPostprocessing = 0;
			shellPath = /bin/sh;
			shellScript = "diff \"${PODS_PODFILE_DIR_PATH}/Podfile.lock\" \"${PODS_ROOT}/Manifest.lock\" > /dev/null\nif [ $? != 0 ] ; then\n    # print error to STDERR\n    echo \"error: The sandbox is not in sync with the Podfile.lock. Run 'pod install' or update your CocoaPods installation.\" >&2\n    exit 1\nfi\n# This output is used by Xcode 'outputs' to avoid re-running this script phase.\necho \"SUCCESS\" > \"${SCRIPT_OUTPUT_FILE_0}\"\n";
			showEnvVarsInLog = 0;
		};
		52AAB18FCB63D7CD9DCDE07FFA2D5FFD /* [CP] Check Pods Manifest.lock */ = {
			isa = PBXShellScriptBuildPhase;
			buildActionMask = 2147483647;
			files = (
			);
			inputFileListPaths = (
			);
			inputPaths = (
				"${PODS_PODFILE_DIR_PATH}/Podfile.lock",
				"${PODS_ROOT}/Manifest.lock",
			);
			name = "[CP] Check Pods Manifest.lock";
			outputFileListPaths = (
			);
			outputPaths = (
				"$(DERIVED_FILE_DIR)/Pods-Eat Out-checkManifestLockResult.txt",
			);
			runOnlyForDeploymentPostprocessing = 0;
			shellPath = /bin/sh;
			shellScript = "diff \"${PODS_PODFILE_DIR_PATH}/Podfile.lock\" \"${PODS_ROOT}/Manifest.lock\" > /dev/null\nif [ $? != 0 ] ; then\n    # print error to STDERR\n    echo \"error: The sandbox is not in sync with the Podfile.lock. Run 'pod install' or update your CocoaPods installation.\" >&2\n    exit 1\nfi\n# This output is used by Xcode 'outputs' to avoid re-running this script phase.\necho \"SUCCESS\" > \"${SCRIPT_OUTPUT_FILE_0}\"\n";
			showEnvVarsInLog = 0;
		};
/* End PBXShellScriptBuildPhase section */

/* Begin PBXSourcesBuildPhase section */
		BAB69519C5F58E2FE84E06EC4167E7A5 /* Sources */ = {
			isa = PBXSourcesBuildPhase;
			buildActionMask = 2147483647;
			files = (
				8FA21D8A72447003F0ACAB008886B9DC /* AppCoordinator.swift in Sources */,
				D8564CC9920E125CA2F9246CEB75F336 /* AppDelegate.swift in Sources */,
				7D2DCC0E2EB5EC0FD1E995B2D06D0538 /* CALayer+Utils.swift in Sources */,
				A9531DC08E59B51728A758DBA2D4C98C /* CacheService.swift in Sources */,
				DC181A412D0D5712D7238EE8A360CF80 /* CellBottomView.swift in Sources */,
				E37A726CA616CC2C379EDE4E46284EB4 /* CostLevel.swift in Sources */,
				FC5CA1DDCF25DF20439B43BB4234CBE1 /* HomeCollectionViewCell.swift in Sources */,
				560ED93FF08C4953D8D26C43FB8772D5 /* HomeViewController.swift in Sources */,
				17C14E671C7D9569C2BCFAFDFDD7F606 /* HomeViewModel.swift in Sources */,
				97A6387700DD35E77D91C7A80E57E353 /* ImageName.swift in Sources */,
				F1E42CA4D98DCB7EF8456E14BB4E22F4 /* ImageTextLabel.swift in Sources */,
				2076E3B08D2ADF7FE4F7FE9247215940 /* JsonService.swift in Sources */,
				DD57DD09A68E5909B60740E54E7EC004 /* NSMutableAttributedString+Utils.swift in Sources */,
				0B5706849AA119F070AE0C9C7A16139A /* RealmService.swift in Sources */,
				1B4DAA96D09AD80A18E6F94A5C8C6F28 /* RealmUpdateDelegate.swift in Sources */,
				7480C88FC545D92DFF78A93DB49FE7DF /* Restuarant.swift in Sources */,
				DFA8D6F0F8D4A342FD52F473C770BD30 /* RestuarantMeta.swift in Sources */,
				70336B8B2BEF2260469D64EED17AD4A2 /* RestuarantStatus.swift in Sources */,
				5BF5E2428FE68D367B5932FCB8E6DE9A /* SceneDelegate.swift in Sources */,
				39FC39826911F33B7E1FB0AA6255E010 /* SortCell.swift in Sources */,
				6C6592EBA8B1F9D87B527D0DE7F26690 /* SortView.swift in Sources */,
				46C9683C8A8FE1458333B17411084BB6 /* SortViewModel.swift in Sources */,
				F285B9B4F28744F5B02C997EB90671C7 /* Sorter.swift in Sources */,
				D2DC9268270E4B339BF4F058E9C3EA0C /* StatusView.swift in Sources */,
				A5BC8CC756751D67F317925A15BD04C7 /* String+Utils.swift in Sources */,
				F3F14F50E3E3D0FA677E6F7322374C28 /* TestIdentifiers.swift in Sources */,
				ACB0383C25D0E90702F7F496F0BB2E95 /* TestingService.swift in Sources */,
				19F86D46E832068D56B655FEE34B5434 /* UIColor+Utils.swift in Sources */,
				FAC429B0E6C4CA01CCEB802E706515C1 /* UIImage+Utils.swift in Sources */,
				004CAE2B988838B80404175D2E88EDFF /* UIStackView+Utils.swift in Sources */,
				3BEB29AD6E2C9E505CCA19BB673FB5A2 /* UIView+Utils.swift in Sources */,
				0B64B4F8D51F717A001C205BBCC6BC9E /* UIViewController+Utils.swift in Sources */,
			);
			runOnlyForDeploymentPostprocessing = 0;
		};
		25AF24BC96D2EC437F8B1DC99CDFD01C /* Sources */ = {
			isa = PBXSourcesBuildPhase;
			buildActionMask = 2147483647;
			files = (
				B8C0C33BA51F27288440DFC23FD31A2A /* CacheServiceTests.swift in Sources */,
				88AADB83C2DBB70CD33823199806C990 /* CacheSpyDelegate.swift in Sources */,
				DCA716170D5B2B229985B8C8DC3C011D /* CostLevelTests.swift in Sources */,
				0D7578AE8DA0D38E8F2BFC5CCA7F61A2 /* EOSnapshotTest.swift in Sources */,
				EED6A17E15DD8E5E9B72E63EF74024A8 /* HomeViewControllerSnapshotTests.swift in Sources */,
				A166075B2D0687B5A48847D7E31D4871 /* HomeViewModelTests.swift in Sources */,
				0C29E0843D8CC90AFAE57B17FBEC9F3C /* JsonServiceTests.swift in Sources */,
				3CB283DFDEF29DCE536ED654674E3631 /* RealmServiceTests.swift in Sources */,
				42BD146B5909C597C9F7FF2C674FF526 /* RestuarantStatusTests.swift in Sources */,
				2022F3E5A4C9FEDBECDA09995CC18DD2 /* RestuarantTests.swift in Sources */,
				30985FFAC3916B3275E646A290F8AB9B /* SorterTests.swift in Sources */,
				A1F416D71E5FB639C81FD004C56D838D /* TestCacheSerive.swift in Sources */,
				75403047DDA9AA38CE88883D6C2EA533 /* TestHomeViewModel.swift in Sources */,
			);
			runOnlyForDeploymentPostprocessing = 0;
		};
		59EA8095D7516DAAF4C79C6D69D97769 /* Sources */ = {
			isa = PBXSourcesBuildPhase;
			buildActionMask = 2147483647;
			files = (
				202DB58C25F3987DD1FED3BC039EB3B7 /* Eat_OutUITests.swift in Sources */,
				D688B9F34AFF54DD190859D4C612F6BD /* RestuarantStatus.swift in Sources */,
				B8790326966503C6042E6446D0226694 /* Sorter.swift in Sources */,
				61FCA2143A27803F1B23F05D1A54DB9A /* TestIdentifiers.swift in Sources */,
				5CC1851469E4B6ED9EA0629B3B4FC45F /* UIColor+Utils.swift in Sources */,
			);
			runOnlyForDeploymentPostprocessing = 0;
		};
/* End PBXSourcesBuildPhase section */

/* Begin PBXTargetDependency section */
		8B00BDE64C50BDD970B2243D8699BF61 /* PBXTargetDependency */ = {
			isa = PBXTargetDependency;
			target = 4F1D848F33039D5AD101C4EE4A303C2C /* Eat Out */;
			targetProxy = D8887E4154475CA9C646E47A6272DBF5 /* PBXContainerItemProxy */;
		};
		54482E86913AC3E62A872AB79B29C880 /* PBXTargetDependency */ = {
			isa = PBXTargetDependency;
			target = 4F1D848F33039D5AD101C4EE4A303C2C /* Eat Out */;
			targetProxy = D49E1BA854876F37FF62BD6EF85ADF94 /* PBXContainerItemProxy */;
		};
/* End PBXTargetDependency section */

/* Begin PBXVariantGroup section */
		8C83ED884593193682A9567EAD4B35E1 /* LaunchScreen.storyboard */ = {
			isa = PBXVariantGroup;
			children = (
				C8EE737B30541065DEEE9CFB4AF44216 /* Base */,
			);
			name = LaunchScreen.storyboard;
			sourceTree = "<group>";
		};
/* End PBXVariantGroup section */

/* Begin XCBuildConfiguration section */
		C99B690A42EF86A44EF4FF0540749D7C /* Debug */ = {
			isa = XCBuildConfiguration;
			buildSettings = {
				CLANG_ANALYZER_NONNULL = YES;
				CLANG_ANALYZER_NUMBER_OBJECT_CONVERSION = YES_AGGRESSIVE;
				CLANG_CXX_LANGUAGE_STANDARD = "gnu++14";
				CLANG_CXX_LIBRARY = "libc++";
				CLANG_ENABLE_MODULES = YES;
				CLANG_ENABLE_OBJC_ARC = YES;
				CLANG_ENABLE_OBJC_WEAK = YES;
				CLANG_WARN_BLOCK_CAPTURE_AUTORELEASING = YES;
				CLANG_WARN_BOOL_CONVERSION = YES;
				CLANG_WARN_COMMA = YES;
				CLANG_WARN_CONSTANT_CONVERSION = YES;
				CLANG_WARN_DEPRECATED_OBJC_IMPLEMENTATIONS = YES;
				CLANG_WARN_DIRECT_OBJC_ISA_USAGE = YES_ERROR;
				CLANG_WARN_DOCUMENTATION_COMMENTS = YES;
				CLANG_WARN_EMPTY_BODY = YES;
				CLANG_WARN_ENUM_CONVERSION = YES;
				CLANG_WARN_INFINITE_RECURSION = YES;
				CLANG_WARN_INT_CONVERSION = YES;
				CLANG_WARN_NON_LITERAL_NULL_CONVERSION = YES;
				CLANG_WARN_OBJC_IMPLICIT_RETAIN_SELF = YES;
				CLANG_WARN_OBJC_LITERAL_CONVERSION = YES;
				CLANG_WARN_OBJC_ROOT_CLASS = YES_ERROR;
				CLANG_WARN_QUOTED_INCLUDE_IN_FRAMEWORK_HEADER = YES;
				CLANG_WARN_RANGE_LOOP_ANALYSIS = YES;
				CLANG_WARN_STRICT_PROTOTYPES = YES;
				CLANG_WARN_SUSPICIOUS_MOVE = YES;
				CLANG_WARN_UNGUARDED_AVAILABILITY = YES_AGGRESSIVE;
				CLANG_WARN_UNREACHABLE_CODE = YES;
				CLANG_WARN__DUPLICATE_METHOD_MATCH = YES;
				COPY_PHASE_STRIP = NO;
				DEBUG_INFORMATION_FORMAT = dwarf;
				ENABLE_STRICT_OBJC_MSGSEND = YES;
				ENABLE_TESTABILITY = YES;
				GCC_C_LANGUAGE_STANDARD = gnu11;
				GCC_DYNAMIC_NO_PIC = NO;
				GCC_NO_COMMON_BLOCKS = YES;
				GCC_OPTIMIZATION_LEVEL = 0;
				GCC_PREPROCESSOR_DEFINITIONS = (
					"DEBUG=1",
					"$(inherited)",
				);
				GCC_WARN_64_TO_32_BIT_CONVERSION = YES;
				GCC_WARN_ABOUT_RETURN_TYPE = YES_ERROR;
				GCC_WARN_UNDECLARED_SELECTOR = YES;
				GCC_WARN_UNINITIALIZED_AUTOS = YES_AGGRESSIVE;
				GCC_WARN_UNUSED_FUNCTION = YES;
				GCC_WARN_UNUSED_VARIABLE = YES;
				IPHONEOS_DEPLOYMENT_TARGET = 13.0;
				MTL_ENABLE_DEBUG_INFO = INCLUDE_SOURCE;
				MTL_FAST_MATH = YES;
				ONLY_ACTIVE_ARCH = YES;
				SDKROOT = iphoneos;
				SWIFT_ACTIVE_COMPILATION_CONDITIONS = DEBUG;
				SWIFT_OPTIMIZATION_LEVEL = "-Onone";
			};
			name = Debug;
		};
		F517E553BEFB5DDD5B384BEEA49E0CF1 /* Release */ = {
			isa = XCBuildConfiguration;
			buildSettings = {
				CLANG_ANALYZER_NONNULL = YES;
				CLANG_ANALYZER_NUMBER_OBJECT_CONVERSION = YES_AGGRESSIVE;
				CLANG_CXX_LANGUAGE_STANDARD = "gnu++14";
				CLANG_CXX_LIBRARY = "libc++";
				CLANG_ENABLE_MODULES = YES;
				CLANG_ENABLE_OBJC_ARC = YES;
				CLANG_ENABLE_OBJC_WEAK = YES;
				CLANG_WARN_BLOCK_CAPTURE_AUTORELEASING = YES;
				CLANG_WARN_BOOL_CONVERSION = YES;
				CLANG_WARN_COMMA = YES;
				CLANG_WARN_CONSTANT_CONVERSION = YES;
				CLANG_WARN_DEPRECATED_OBJC_IMPLEMENTATIONS = YES;
				CLANG_WARN_DIRECT_OBJC_ISA_USAGE = YES_ERROR;
				CLANG_WARN_DOCUMENTATION_COMMENTS = YES;
				CLANG_WARN_EMPTY_BODY = YES;
				CLANG_WARN_ENUM_CONVERSION = YES;
				CLANG_WARN_INFINITE_RECURSION = YES;
				CLANG_WARN_INT_CONVERSION = YES;
				CLANG_WARN_NON_LITERAL_NULL_CONVERSION = YES;
				CLANG_WARN_OBJC_IMPLICIT_RETAIN_SELF = YES;
				CLANG_WARN_OBJC_LITERAL_CONVERSION = YES;
				CLANG_WARN_OBJC_ROOT_CLASS = YES_ERROR;
				CLANG_WARN_QUOTED_INCLUDE_IN_FRAMEWORK_HEADER = YES;
				CLANG_WARN_RANGE_LOOP_ANALYSIS = YES;
				CLANG_WARN_STRICT_PROTOTYPES = YES;
				CLANG_WARN_SUSPICIOUS_MOVE = YES;
				CLANG_WARN_UNGUARDED_AVAILABILITY = YES_AGGRESSIVE;
				CLANG_WARN_UNREACHABLE_CODE = YES;
				CLANG_WARN__DUPLICATE_METHOD_MATCH = YES;
				COPY_PHASE_STRIP = NO;
				DEBUG_INFORMATION_FORMAT = "dwarf-with-dsym";
				ENABLE_NS_ASSERTIONS = NO;
				ENABLE_STRICT_OBJC_MSGSEND = YES;
				GCC_C_LANGUAGE_STANDARD = gnu11;
				GCC_NO_COMMON_BLOCKS = YES;
				GCC_WARN_64_TO_32_BIT_CONVERSION = YES;
				GCC_WARN_ABOUT_RETURN_TYPE = YES_ERROR;
				GCC_WARN_UNDECLARED_SELECTOR = YES;
				GCC_WARN_UNINITIALIZED_AUTOS = YES_AGGRESSIVE;
				GCC_WARN_UNUSED_FUNCTION = YES;
				GCC_WARN_UNUSED_VARIABLE = YES;
				IPHONEOS_DEPLOYMENT_TARGET = 13.0;
				MTL_ENABLE_DEBUG_INFO = NO;
				MTL_FAST_MATH = YES;
				SDKROOT = iphoneos;
				SWIFT_COMPILATION_MODE = wholemodule;
				SWIFT_OPTIMIZATION_LEVEL = "-O";
				VALIDATE_PRODUCT = YES;
			};
			name = Release;
		};
		6C9ECB41BADB26C03E97783259693DFF /* Debug */ = {
			isa = XCBuildConfiguration;
			baseConfigurationReference = E23F9B85113A3D197E577E9FD8D59003 /* Pods-Eat Out.debug.xcconfig */;
			buildSettings = {
				ASSETCATALOG_COMPILER_APPICON_NAME = AppIcon;
				ASSETCATALOG_COMPILER_GLOBAL_ACCENT_COLOR_NAME = AccentColor;
				CODE_SIGN_STYLE = Automatic;
				DEVELOPMENT_TEAM = 5CZ6MXJL9N;
				INFOPLIST_FILE = "Eat Out/Supporting Files/Info.plist";
				LD_RUNPATH_SEARCH_PATHS = (
					"$(inherited)",
					"@executable_path/Frameworks",
				);
				PRODUCT_BUNDLE_IDENTIFIER = "venoc.Eat-Out";
				PRODUCT_NAME = "$(TARGET_NAME)";
				SWIFT_VERSION = 5.0;
				TARGETED_DEVICE_FAMILY = 1;
			};
			name = Debug;
		};
		007B4FCA61D7323726957B11119DEC42 /* Release */ = {
			isa = XCBuildConfiguration;
			baseConfigurationReference = 804C0F990D229EDB7E1D9292272BCE75 /* Pods-Eat Out.release.xcconfig */;
			buildSettings = {
				ASSETCATALOG_COMPILER_APPICON_NAME = AppIcon;
				ASSETCATALOG_COMPILER_GLOBAL_ACCENT_COLOR_NAME = AccentColor;
				CODE_SIGN_STYLE = Automatic;
				DEVELOPMENT_TEAM = 5CZ6MXJL9N;
				INFOPLIST_FILE = "Eat Out/Supporting Files/Info.plist";
				LD_RUNPATH_SEARCH_PATHS = (
					"$(inherited)",
					"@executable_path/Frameworks",
				);
				PRODUCT_BUNDLE_IDENTIFIER = "venoc.Eat-Out";
				PRODUCT_NAME = "$(TARGET_NAME)";
				SWIFT_VERSION = 5.0;
				TARGETED_DEVICE_FAMILY = 1;
			};
			name = Release;
		};
		C65F3FC6EC5CE00359279088E00B70AF /* Debug */ = {
			isa = XCBuildConfiguration;
			baseConfigurationReference = D2FC2DF2E752B07F949D39906ECA602C /* Pods-Eat OutTests.debug.xcconfig */;
			buildSettings = {
				BUNDLE_LOADER = "$(TEST_HOST)";
				CODE_SIGN_STYLE = Automatic;
				DEVELOPMENT_TEAM = 5CZ6MXJL9N;
				INFOPLIST_FILE = "Eat OutTests/Info.plist";
				IPHONEOS_DEPLOYMENT_TARGET = 14.3;
				LD_RUNPATH_SEARCH_PATHS = (
					"$(inherited)",
					"@executable_path/Frameworks",
					"@loader_path/Frameworks",
				);
				PRODUCT_BUNDLE_IDENTIFIER = "venoc.Eat-OutTests";
				PRODUCT_NAME = "$(TARGET_NAME)";
				SWIFT_VERSION = 5.0;
				TARGETED_DEVICE_FAMILY = "1,2";
				TEST_HOST = "$(BUILT_PRODUCTS_DIR)/Eat Out.app/Eat Out";
			};
			name = Debug;
		};
		E492F88FE6E0F0BE86FB87084CF934AD /* Release */ = {
			isa = XCBuildConfiguration;
			baseConfigurationReference = 24404463BA398B917FE413E185B9965C /* Pods-Eat OutTests.release.xcconfig */;
			buildSettings = {
				BUNDLE_LOADER = "$(TEST_HOST)";
				CODE_SIGN_STYLE = Automatic;
				DEVELOPMENT_TEAM = 5CZ6MXJL9N;
				INFOPLIST_FILE = "Eat OutTests/Info.plist";
				IPHONEOS_DEPLOYMENT_TARGET = 14.3;
				LD_RUNPATH_SEARCH_PATHS = (
					"$(inherited)",
					"@executable_path/Frameworks",
					"@loader_path/Frameworks",
				);
				PRODUCT_BUNDLE_IDENTIFIER = "venoc.Eat-OutTests";
				PRODUCT_NAME = "$(TARGET_NAME)";
				SWIFT_VERSION = 5.0;
				TARGETED_DEVICE_FAMILY = "1,2";
				TEST_HOST = "$(BUILT_PRODUCTS_DIR)/Eat Out.app/Eat Out";
			};
			name = Release;
		};
		A7FA38A4F8C1F1F62C5CD7E90A5E32D1 /* Debug */ = {
			isa = XCBuildConfiguration;
			baseConfigurationReference = 204859993A16ECC86FE602A1517F75E4 /* Pods-Eat Out-Eat OutUITests.debug.xcconfig */;
			buildSettings = {
				CODE_SIGN_STYLE = Automatic;
				DEVELOPMENT_TEAM = 5CZ6MXJL9N;
				INFOPLIST_FILE = "Eat OutUITests/Info.plist";
				LD_RUNPATH_SEARCH_PATHS = (
					"$(inherited)",
					"@executable_path/Frameworks",
					"@loader_path/Frameworks",
				);
				PRODUCT_BUNDLE_IDENTIFIER = "venoc.Eat-OutUITests";
				PRODUCT_NAME = "$(TARGET_NAME)";
				SWIFT_VERSION = 5.0;
				TARGETED_DEVICE_FAMILY = "1,2";
				TEST_TARGET_NAME = "Eat Out";
			};
			name = Debug;
		};
		45DF69858ECD59BFFB77D69A3D2CE150 /* Release */ = {
			isa = XCBuildConfiguration;
			baseConfigurationReference = 79ECE370A42585D1D609A0666BE9B3C0 /* Pods-Eat Out-Eat OutUITests.release.xcconfig */;
			buildSettings = {
				CODE_SIGN_STYLE = Automatic;
				DEVELOPMENT_TEAM = 5CZ6MXJL9N;
				INFOPLIST_FILE = "Eat OutUITests/Info.plist";
				LD_RUNPATH_SEARCH_PATHS = (
					"$(inherited)",
					"@executable_path/Frameworks",
					"@loader_path/Frameworks",
				);
				PRODUCT_BUNDLE_IDENTIFIER = "venoc.Eat-OutUITests";
				PRODUCT_NAME = "$(TARGET_NAME)";
				SWIFT_VERSION = 5.0;
				TARGETED_DEVICE_FAMILY = "1,2";
				TEST_TARGET_NAME = "Eat Out";
			};
			name = Release;
		};
/* End XCBuildConfiguration section */

/* Begin XCConfigurationList section */
		7E5C63891360CEF53B7E2E14C0C942C8 /* Build configuration list for PBXProject "Eat Out" */ = {
			isa = XCConfigurationList;
			buildConfigurations = (
				C99B690A42EF86A44EF4FF0540749D7C /* Debug */,
				F517E553BEFB5DDD5B384BEEA49E0CF1 /* Release */,
			);
			defaultConfigurationIsVisible = 0;
			defaultConfigurationName = Release;
		};
		4845CCF19B90140FECE0A5C3D8CAA7F4 /* Build configuration list for PBXNativeTarget "Eat Out" */ = {
			isa = XCConfigurationList;
			buildConfigurations = (
				6C9ECB41BADB26C03E97783259693DFF /* Debug */,
				007B4FCA61D7323726957B11119DEC42 /* Release */,
			);
			defaultConfigurationIsVisible = 0;
			defaultConfigurationName = Release;
		};
		901659788405E56EE997798FA20B7DED /* Build configuration list for PBXNativeTarget "Eat OutTests" */ = {
			isa = XCConfigurationList;
			buildConfigurations = (
				C65F3FC6EC5CE00359279088E00B70AF /* Debug */,
				E492F88FE6E0F0BE86FB87084CF934AD /* Release */,
			);
			defaultConfigurationIsVisible = 0;
			defaultConfigurationName = Release;
		};
		962AF95B11E85890436692006C6FB4C7 /* Build configuration list for PBXNativeTarget "Eat OutUITests" */ = {
			isa = XCConfigurationList;
			buildConfigurations = (
				A7FA38A4F8C1F1F62C5CD7E90A5E32D1 /* Debug */,
				45DF69858ECD59BFFB77D69A3D2CE150 /* Release */,
			);
			defaultConfigurationIsVisible = 0;
			defaultConfigurationName = Release;
		};
/* End XCConfigurationList section */
	};
	rootObject = 2C10DEFDE477E4BB7954235BF33B5DFB /* Project object */;
}
